// !$*UTF8*$!
{
	archiveVersion = 1;
	classes = {
	};
	objectVersion = 54;
	objects = {

/* Begin PBXBuildFile section */
		B01161BF1B149C2A005A90F7 /* Launch Screen.xib in Resources */ = {isa = PBXBuildFile; fileRef = B01161BE1B149C2A005A90F7 /* Launch Screen.xib */; };
		B06746DC19BF58F700DCF4E3 /* AppDelegate.swift in Sources */ = {isa = PBXBuildFile; fileRef = B06746DB19BF58F700DCF4E3 /* AppDelegate.swift */; };
		B06746E119BF58F700DCF4E3 /* Main.storyboard in Resources */ = {isa = PBXBuildFile; fileRef = B06746DF19BF58F700DCF4E3 /* Main.storyboard */; };
		B06746E319BF58F700DCF4E3 /* Images.xcassets in Resources */ = {isa = PBXBuildFile; fileRef = B06746E219BF58F700DCF4E3 /* Images.xcassets */; };
		B06746EF19BF58F700DCF4E3 /* SynthInCTests.swift in Sources */ = {isa = PBXBuildFile; fileRef = B06746EE19BF58F700DCF4E3 /* SynthInCTests.swift */; };
		BD0BBA301D0E2C42006F7F6A /* EnsembleViewController.swift in Sources */ = {isa = PBXBuildFile; fileRef = BD0BBA2F1D0E2C42006F7F6A /* EnsembleViewController.swift */; };
		BD0BBA321D0E3A68006F7F6A /* VolumeBarView.swift in Sources */ = {isa = PBXBuildFile; fileRef = BD0BBA311D0E3A68006F7F6A /* VolumeBarView.swift */; };
		BD1BD0461CFCAACE00C804A4 /* Settings.bundle in Resources */ = {isa = PBXBuildFile; fileRef = BD1BD0451CFCAACE00C804A4 /* Settings.bundle */; };
		BD1F14851CF6445C00E6B85F /* Parameters.swift in Sources */ = {isa = PBXBuildFile; fileRef = BD1F14841CF6445C00E6B85F /* Parameters.swift */; };
		BD216F721D1374DC00436000 /* PhraseView.swift in Sources */ = {isa = PBXBuildFile; fileRef = BD216F711D1374DC00436000 /* PhraseView.swift */; };
		BD2FFBA42B140ADB007F17DC /* CustomSlider.swift in Sources */ = {isa = PBXBuildFile; fileRef = BD2FFBA32B140ADB007F17DC /* CustomSlider.swift */; };
		BD2FFBA72B14C9E2007F17DC /* Foil in Frameworks */ = {isa = PBXBuildFile; productRef = BD2FFBA62B14C9E2007F17DC /* Foil */; };
		BD2FFBB32B14D44D007F17DC /* Instrument.swift in Sources */ = {isa = PBXBuildFile; fileRef = BD0757411D05FAD200595332 /* Instrument.swift */; };
		BD2FFBB42B14D44D007F17DC /* Note.swift in Sources */ = {isa = PBXBuildFile; fileRef = BD7C336D20FFC88C0042B762 /* Note.swift */; };
		BD2FFBB52B14D44D007F17DC /* Performance.swift in Sources */ = {isa = PBXBuildFile; fileRef = BDE166AC2101DB690097E5C4 /* Performance.swift */; };
		BD2FFBB62B14D44D007F17DC /* Rando.swift in Sources */ = {isa = PBXBuildFile; fileRef = BDFA66062102837000810712 /* Rando.swift */; };
		BD2FFBB72B14D44D007F17DC /* Phrase.swift in Sources */ = {isa = PBXBuildFile; fileRef = BD1F14801CF5D1AE00E6B85F /* Phrase.swift */; };
		BD2FFBB82B14D44D007F17DC /* SoundFont.swift in Sources */ = {isa = PBXBuildFile; fileRef = BD1F147E1CF5CF2900E6B85F /* SoundFont.swift */; };
		BD2FFBB92B14D44D007F17DC /* Utils.swift in Sources */ = {isa = PBXBuildFile; fileRef = BD07573F1D05FA7D00595332 /* Utils.swift */; };
		BD2FFBBA2B14D44D007F17DC /* IsAudioError.swift in Sources */ = {isa = PBXBuildFile; fileRef = BD1F14761CF582A400E6B85F /* IsAudioError.swift */; };
		BD2FFBBB2B14D44D007F17DC /* Recording.swift in Sources */ = {isa = PBXBuildFile; fileRef = BDE166AE2101E1430097E5C4 /* Recording.swift */; };
		BD2FFBBC2B14D44D007F17DC /* Player.swift in Sources */ = {isa = PBXBuildFile; fileRef = BD3E774D2107BBFE0051EEDC /* Player.swift */; };
		BD2FFBBD2B14D44D007F17DC /* AudioController.swift in Sources */ = {isa = PBXBuildFile; fileRef = B06746F819BF591200DCF4E3 /* AudioController.swift */; };
		BD2FFBBF2B14D632007F17DC /* FreeFont.swift in Sources */ = {isa = PBXBuildFile; fileRef = BD435E0C1D087844000ECC3C /* FreeFont.swift */; };
		BD2FFBC02B14D632007F17DC /* FluidR3_GM.swift in Sources */ = {isa = PBXBuildFile; fileRef = BD435E0B1D087844000ECC3C /* FluidR3_GM.swift */; };
		BD2FFBC12B14D632007F17DC /* RolandNicePiano.swift in Sources */ = {isa = PBXBuildFile; fileRef = BD435E0E1D087844000ECC3C /* RolandNicePiano.swift */; };
		BD2FFBC22B14D632007F17DC /* GeneralUser GS MuseScore v1.442.swift in Sources */ = {isa = PBXBuildFile; fileRef = BD435E0D1D087844000ECC3C /* GeneralUser GS MuseScore v1.442.swift */; };
		BD2FFBC32B150F32007F17DC /* FluidR3_GM.sf2 in Resources */ = {isa = PBXBuildFile; fileRef = BD1F14781CF5CDA400E6B85F /* FluidR3_GM.sf2 */; };
		BD2FFBC42B150F32007F17DC /* RolandNicePiano.sf2 in Resources */ = {isa = PBXBuildFile; fileRef = BD1F147A1CF5CDA400E6B85F /* RolandNicePiano.sf2 */; };
		BD2FFBC52B150F32007F17DC /* FreeFont.sf2 in Resources */ = {isa = PBXBuildFile; fileRef = BD1F14791CF5CDA400E6B85F /* FreeFont.sf2 */; };
		BD2FFBC62B150F32007F17DC /* GeneralUser GS MuseScore v1.442.sf2 in Resources */ = {isa = PBXBuildFile; fileRef = BD1F14721CF4E98000E6B85F /* GeneralUser GS MuseScore v1.442.sf2 */; };
		BD3FB7B720E4FE35005CFBBF /* SessionsListViewController.swift in Sources */ = {isa = PBXBuildFile; fileRef = BD3FB7B620E4FE35005CFBBF /* SessionsListViewController.swift */; };
		BD3FB7B920E5004D005CFBBF /* SessionsTableViewCell.swift in Sources */ = {isa = PBXBuildFile; fileRef = BD3FB7B820E5004D005CFBBF /* SessionsTableViewCell.swift */; };
		BD4DBD3D2111E917005DD658 /* InstrumentTests.swift in Sources */ = {isa = PBXBuildFile; fileRef = BD4DBD3C2111E917005DD658 /* InstrumentTests.swift */; };
		BD4DBD3F21121162005DD658 /* AudioControllerTests.swift in Sources */ = {isa = PBXBuildFile; fileRef = BD4DBD3E21121162005DD658 /* AudioControllerTests.swift */; };
		BD7C336C20FFBA960042B762 /* SoundFontTests.swift in Sources */ = {isa = PBXBuildFile; fileRef = BD7C336B20FFBA960042B762 /* SoundFontTests.swift */; };
		BD7C337020FFD9B40042B762 /* PhraseTests.swift in Sources */ = {isa = PBXBuildFile; fileRef = BD7C336F20FFD9B40042B762 /* PhraseTests.swift */; };
		BD8433DF1D024BC800BD835C /* InstrumentCell.swift in Sources */ = {isa = PBXBuildFile; fileRef = BD8433DE1D024BC800BD835C /* InstrumentCell.swift */; };
		BDB0E360210F24F5002492B5 /* CreateRecording.swift in Sources */ = {isa = PBXBuildFile; fileRef = BDB0E35F210F24F5002492B5 /* CreateRecording.swift */; };
		BDB6C5A21CFD6C550095E9CA /* InstrumentEditorViewController.swift in Sources */ = {isa = PBXBuildFile; fileRef = BDB6C5A11CFD6C550095E9CA /* InstrumentEditorViewController.swift */; };
		BDD090221D1498F1005E03B6 /* SpriteKit.framework in Frameworks */ = {isa = PBXBuildFile; fileRef = BDD090211D1498F1005E03B6 /* SpriteKit.framework */; };
		BDDD0AE820F8BF2400AFB002 /* NoteTests.swift in Sources */ = {isa = PBXBuildFile; fileRef = BDDD0AE720F8BF2400AFB002 /* NoteTests.swift */; };
		BDFA660921031FF800810712 /* RandoTests.swift in Sources */ = {isa = PBXBuildFile; fileRef = BDFA660821031FF800810712 /* RandoTests.swift */; };
/* End PBXBuildFile section */

/* Begin PBXContainerItemProxy section */
		BDD8B4BB1D003BEC00CC8698 /* PBXContainerItemProxy */ = {
			isa = PBXContainerItemProxy;
			containerPortal = B06746CE19BF58F700DCF4E3 /* Project object */;
			proxyType = 1;
			remoteGlobalIDString = B06746D519BF58F700DCF4E3;
			remoteInfo = SynthInC;
		};
		BDDD0AE420F8BF2400AFB002 /* PBXContainerItemProxy */ = {
			isa = PBXContainerItemProxy;
			containerPortal = B06746CE19BF58F700DCF4E3 /* Project object */;
			proxyType = 1;
			remoteGlobalIDString = B06746D519BF58F700DCF4E3;
			remoteInfo = SynthInC;
		};
/* End PBXContainerItemProxy section */

/* Begin PBXFileReference section */
		B01161BE1B149C2A005A90F7 /* Launch Screen.xib */ = {isa = PBXFileReference; fileEncoding = 4; lastKnownFileType = file.xib; name = "Launch Screen.xib"; path = "UI/Launch Screen.xib"; sourceTree = "<group>"; };
		B06746D619BF58F700DCF4E3 /* SynthInC.app */ = {isa = PBXFileReference; explicitFileType = wrapper.application; includeInIndex = 0; path = SynthInC.app; sourceTree = BUILT_PRODUCTS_DIR; };
		B06746DA19BF58F700DCF4E3 /* Info.plist */ = {isa = PBXFileReference; lastKnownFileType = text.plist.xml; path = Info.plist; sourceTree = "<group>"; };
		B06746DB19BF58F700DCF4E3 /* AppDelegate.swift */ = {isa = PBXFileReference; lastKnownFileType = sourcecode.swift; path = AppDelegate.swift; sourceTree = "<group>"; };
		B06746E019BF58F700DCF4E3 /* Base */ = {isa = PBXFileReference; lastKnownFileType = file.storyboard; name = Base; path = Base.lproj/Main.storyboard; sourceTree = "<group>"; };
		B06746E219BF58F700DCF4E3 /* Images.xcassets */ = {isa = PBXFileReference; lastKnownFileType = folder.assetcatalog; path = Images.xcassets; sourceTree = "<group>"; };
		B06746E819BF58F700DCF4E3 /* SynthInC.xctest */ = {isa = PBXFileReference; explicitFileType = wrapper.cfbundle; includeInIndex = 0; path = SynthInC.xctest; sourceTree = BUILT_PRODUCTS_DIR; };
		B06746ED19BF58F700DCF4E3 /* Info.plist */ = {isa = PBXFileReference; lastKnownFileType = text.plist.xml; path = Info.plist; sourceTree = "<group>"; };
		B06746EE19BF58F700DCF4E3 /* SynthInCTests.swift */ = {isa = PBXFileReference; lastKnownFileType = sourcecode.swift; path = SynthInCTests.swift; sourceTree = "<group>"; };
		B06746F819BF591200DCF4E3 /* AudioController.swift */ = {isa = PBXFileReference; fileEncoding = 4; lastKnownFileType = sourcecode.swift; path = AudioController.swift; sourceTree = "<group>"; };
		B06746FE19BF673300DCF4E3 /* README.md */ = {isa = PBXFileReference; fileEncoding = 4; lastKnownFileType = net.daringfireball.markdown; path = README.md; sourceTree = "<group>"; };
		BD07573F1D05FA7D00595332 /* Utils.swift */ = {isa = PBXFileReference; fileEncoding = 4; lastKnownFileType = sourcecode.swift; path = Utils.swift; sourceTree = "<group>"; };
		BD0757411D05FAD200595332 /* Instrument.swift */ = {isa = PBXFileReference; fileEncoding = 4; lastKnownFileType = sourcecode.swift; path = Instrument.swift; sourceTree = "<group>"; };
		BD0BBA2F1D0E2C42006F7F6A /* EnsembleViewController.swift */ = {isa = PBXFileReference; fileEncoding = 4; lastKnownFileType = sourcecode.swift; path = EnsembleViewController.swift; sourceTree = "<group>"; };
		BD0BBA311D0E3A68006F7F6A /* VolumeBarView.swift */ = {isa = PBXFileReference; fileEncoding = 4; lastKnownFileType = sourcecode.swift; path = VolumeBarView.swift; sourceTree = "<group>"; };
		BD1BD0451CFCAACE00C804A4 /* Settings.bundle */ = {isa = PBXFileReference; lastKnownFileType = "wrapper.plug-in"; path = Settings.bundle; sourceTree = "<group>"; };
		BD1F14721CF4E98000E6B85F /* GeneralUser GS MuseScore v1.442.sf2 */ = {isa = PBXFileReference; lastKnownFileType = file; path = "GeneralUser GS MuseScore v1.442.sf2"; sourceTree = "<group>"; };
		BD1F14761CF582A400E6B85F /* IsAudioError.swift */ = {isa = PBXFileReference; fileEncoding = 4; lastKnownFileType = sourcecode.swift; path = IsAudioError.swift; sourceTree = "<group>"; };
		BD1F14781CF5CDA400E6B85F /* FluidR3_GM.sf2 */ = {isa = PBXFileReference; lastKnownFileType = file; path = FluidR3_GM.sf2; sourceTree = "<group>"; };
		BD1F14791CF5CDA400E6B85F /* FreeFont.sf2 */ = {isa = PBXFileReference; lastKnownFileType = file; path = FreeFont.sf2; sourceTree = "<group>"; };
		BD1F147A1CF5CDA400E6B85F /* RolandNicePiano.sf2 */ = {isa = PBXFileReference; lastKnownFileType = file; path = RolandNicePiano.sf2; sourceTree = "<group>"; };
		BD1F147E1CF5CF2900E6B85F /* SoundFont.swift */ = {isa = PBXFileReference; fileEncoding = 4; lastKnownFileType = sourcecode.swift; path = SoundFont.swift; sourceTree = "<group>"; };
		BD1F14801CF5D1AE00E6B85F /* Phrase.swift */ = {isa = PBXFileReference; fileEncoding = 4; lastKnownFileType = sourcecode.swift; path = Phrase.swift; sourceTree = "<group>"; };
		BD1F14841CF6445C00E6B85F /* Parameters.swift */ = {isa = PBXFileReference; fileEncoding = 4; lastKnownFileType = sourcecode.swift; path = Parameters.swift; sourceTree = "<group>"; };
		BD216F711D1374DC00436000 /* PhraseView.swift */ = {isa = PBXFileReference; fileEncoding = 4; lastKnownFileType = sourcecode.swift; path = PhraseView.swift; sourceTree = "<group>"; };
		BD2FFBA32B140ADB007F17DC /* CustomSlider.swift */ = {isa = PBXFileReference; fileEncoding = 4; lastKnownFileType = sourcecode.swift; path = CustomSlider.swift; sourceTree = "<group>"; };
		BD3E774D2107BBFE0051EEDC /* Player.swift */ = {isa = PBXFileReference; lastKnownFileType = sourcecode.swift; path = Player.swift; sourceTree = "<group>"; };
		BD3FB7B620E4FE35005CFBBF /* SessionsListViewController.swift */ = {isa = PBXFileReference; fileEncoding = 4; lastKnownFileType = sourcecode.swift; path = SessionsListViewController.swift; sourceTree = "<group>"; };
		BD3FB7B820E5004D005CFBBF /* SessionsTableViewCell.swift */ = {isa = PBXFileReference; fileEncoding = 4; lastKnownFileType = sourcecode.swift; path = SessionsTableViewCell.swift; sourceTree = "<group>"; };
		BD435E0B1D087844000ECC3C /* FluidR3_GM.swift */ = {isa = PBXFileReference; fileEncoding = 4; lastKnownFileType = sourcecode.swift; name = FluidR3_GM.swift; path = Resources/SoundFonts/FluidR3_GM.swift; sourceTree = SOURCE_ROOT; };
		BD435E0C1D087844000ECC3C /* FreeFont.swift */ = {isa = PBXFileReference; fileEncoding = 4; lastKnownFileType = sourcecode.swift; name = FreeFont.swift; path = Resources/SoundFonts/FreeFont.swift; sourceTree = SOURCE_ROOT; };
		BD435E0D1D087844000ECC3C /* GeneralUser GS MuseScore v1.442.swift */ = {isa = PBXFileReference; fileEncoding = 4; lastKnownFileType = sourcecode.swift; name = "GeneralUser GS MuseScore v1.442.swift"; path = "Resources/SoundFonts/GeneralUser GS MuseScore v1.442.swift"; sourceTree = SOURCE_ROOT; };
		BD435E0E1D087844000ECC3C /* RolandNicePiano.swift */ = {isa = PBXFileReference; fileEncoding = 4; lastKnownFileType = sourcecode.swift; name = RolandNicePiano.swift; path = Resources/SoundFonts/RolandNicePiano.swift; sourceTree = SOURCE_ROOT; };
		BD4DBD3C2111E917005DD658 /* InstrumentTests.swift */ = {isa = PBXFileReference; lastKnownFileType = sourcecode.swift; path = InstrumentTests.swift; sourceTree = "<group>"; };
		BD4DBD3E21121162005DD658 /* AudioControllerTests.swift */ = {isa = PBXFileReference; fileEncoding = 4; lastKnownFileType = sourcecode.swift; path = AudioControllerTests.swift; sourceTree = "<group>"; };
		BD6B4FF9215D474D00BC1345 /* catalog.py */ = {isa = PBXFileReference; fileEncoding = 4; lastKnownFileType = text.script.python; path = catalog.py; sourceTree = "<group>"; };
		BD6B4FFA215D474D00BC1345 /* FluidR3_GM.sh */ = {isa = PBXFileReference; fileEncoding = 4; lastKnownFileType = text.script.sh; path = FluidR3_GM.sh; sourceTree = "<group>"; };
		BD7C336B20FFBA960042B762 /* SoundFontTests.swift */ = {isa = PBXFileReference; fileEncoding = 4; lastKnownFileType = sourcecode.swift; path = SoundFontTests.swift; sourceTree = "<group>"; };
		BD7C336D20FFC88C0042B762 /* Note.swift */ = {isa = PBXFileReference; fileEncoding = 4; lastKnownFileType = sourcecode.swift; path = Note.swift; sourceTree = "<group>"; };
		BD7C336F20FFD9B40042B762 /* PhraseTests.swift */ = {isa = PBXFileReference; fileEncoding = 4; lastKnownFileType = sourcecode.swift; path = PhraseTests.swift; sourceTree = "<group>"; };
		BD8433DE1D024BC800BD835C /* InstrumentCell.swift */ = {isa = PBXFileReference; fileEncoding = 4; lastKnownFileType = sourcecode.swift; path = InstrumentCell.swift; sourceTree = "<group>"; };
		BDB0E35F210F24F5002492B5 /* CreateRecording.swift */ = {isa = PBXFileReference; lastKnownFileType = sourcecode.swift; path = CreateRecording.swift; sourceTree = "<group>"; };
		BDB6C5A11CFD6C550095E9CA /* InstrumentEditorViewController.swift */ = {isa = PBXFileReference; fileEncoding = 4; lastKnownFileType = sourcecode.swift; path = InstrumentEditorViewController.swift; sourceTree = "<group>"; };
		BDD090211D1498F1005E03B6 /* SpriteKit.framework */ = {isa = PBXFileReference; lastKnownFileType = wrapper.framework; name = SpriteKit.framework; path = System/Library/Frameworks/SpriteKit.framework; sourceTree = SDKROOT; };
		BDDD0ADB20F8BF2400AFB002 /* Info.plist */ = {isa = PBXFileReference; lastKnownFileType = text.plist.xml; path = Info.plist; sourceTree = "<group>"; };
		BDDD0AE020F8BF2400AFB002 /* SwiftMIDITests.xctest */ = {isa = PBXFileReference; explicitFileType = wrapper.cfbundle; includeInIndex = 0; path = SwiftMIDITests.xctest; sourceTree = BUILT_PRODUCTS_DIR; };
		BDDD0AE720F8BF2400AFB002 /* NoteTests.swift */ = {isa = PBXFileReference; lastKnownFileType = sourcecode.swift; path = NoteTests.swift; sourceTree = "<group>"; };
		BDDD0AE920F8BF2400AFB002 /* Info.plist */ = {isa = PBXFileReference; lastKnownFileType = text.plist.xml; path = Info.plist; sourceTree = "<group>"; };
		BDE166AC2101DB690097E5C4 /* Performance.swift */ = {isa = PBXFileReference; fileEncoding = 4; lastKnownFileType = sourcecode.swift; path = Performance.swift; sourceTree = "<group>"; };
		BDE166AE2101E1430097E5C4 /* Recording.swift */ = {isa = PBXFileReference; fileEncoding = 4; lastKnownFileType = sourcecode.swift; path = Recording.swift; sourceTree = "<group>"; };
		BDFA66062102837000810712 /* Rando.swift */ = {isa = PBXFileReference; lastKnownFileType = sourcecode.swift; path = Rando.swift; sourceTree = "<group>"; };
		BDFA660821031FF800810712 /* RandoTests.swift */ = {isa = PBXFileReference; fileEncoding = 4; lastKnownFileType = sourcecode.swift; path = RandoTests.swift; sourceTree = "<group>"; };
/* End PBXFileReference section */

/* Begin PBXFrameworksBuildPhase section */
		B06746D319BF58F700DCF4E3 /* Frameworks */ = {
			isa = PBXFrameworksBuildPhase;
			buildActionMask = 2147483647;
			files = (
				BD2FFBA72B14C9E2007F17DC /* Foil in Frameworks */,
				BDD090221D1498F1005E03B6 /* SpriteKit.framework in Frameworks */,
			);
			runOnlyForDeploymentPostprocessing = 0;
		};
		B06746E519BF58F700DCF4E3 /* Frameworks */ = {
			isa = PBXFrameworksBuildPhase;
			buildActionMask = 2147483647;
			files = (
			);
			runOnlyForDeploymentPostprocessing = 0;
		};
		BDDD0ADD20F8BF2400AFB002 /* Frameworks */ = {
			isa = PBXFrameworksBuildPhase;
			buildActionMask = 2147483647;
			files = (
			);
			runOnlyForDeploymentPostprocessing = 0;
		};
/* End PBXFrameworksBuildPhase section */

/* Begin PBXGroup section */
		B06746CD19BF58F700DCF4E3 = {
			isa = PBXGroup;
			children = (
				B06746FE19BF673300DCF4E3 /* README.md */,
				B06746D819BF58F700DCF4E3 /* Source */,
				B06746EB19BF58F700DCF4E3 /* Tests */,
				BDD8B4B91D0039C200CC8698 /* Resources */,
				BDDD0AE620F8BF2400AFB002 /* SwiftMIDITests */,
				BD1BD0371CF778BE00C804A4 /* Frameworks */,
				B06746D719BF58F700DCF4E3 /* Products */,
			);
			sourceTree = "<group>";
		};
		B06746D719BF58F700DCF4E3 /* Products */ = {
			isa = PBXGroup;
			children = (
				B06746D619BF58F700DCF4E3 /* SynthInC.app */,
				B06746E819BF58F700DCF4E3 /* SynthInC.xctest */,
				BDDD0AE020F8BF2400AFB002 /* SwiftMIDITests.xctest */,
			);
			name = Products;
			sourceTree = "<group>";
		};
		B06746D819BF58F700DCF4E3 /* Source */ = {
			isa = PBXGroup;
			children = (
				B06746DB19BF58F700DCF4E3 /* AppDelegate.swift */,
				BDDD0AD920F8BF2400AFB002 /* Audio */,
				BDD8B4BA1D0039F700CC8698 /* Layouts */,
				BD0757451D05FE8300595332 /* Controllers */,
				BDAEC4211D11CE7C00201498 /* Views */,
				BDB0E35E210F24B2002492B5 /* Tasks */,
				BD0757441D05FE6400595332 /* Utility */,
				B06746D919BF58F700DCF4E3 /* Supporting Files */,
			);
			name = Source;
			path = SynthInC;
			sourceTree = "<group>";
		};
		B06746D919BF58F700DCF4E3 /* Supporting Files */ = {
			isa = PBXGroup;
			children = (
				B06746DA19BF58F700DCF4E3 /* Info.plist */,
			);
			name = "Supporting Files";
			sourceTree = "<group>";
		};
		B06746EB19BF58F700DCF4E3 /* Tests */ = {
			isa = PBXGroup;
			children = (
				B06746EE19BF58F700DCF4E3 /* SynthInCTests.swift */,
				B06746EC19BF58F700DCF4E3 /* Supporting Files */,
			);
			name = Tests;
			path = SynthInCTests;
			sourceTree = "<group>";
		};
		B06746EC19BF58F700DCF4E3 /* Supporting Files */ = {
			isa = PBXGroup;
			children = (
				B06746ED19BF58F700DCF4E3 /* Info.plist */,
			);
			name = "Supporting Files";
			sourceTree = "<group>";
		};
		BD0757441D05FE6400595332 /* Utility */ = {
			isa = PBXGroup;
			children = (
				BD1F14841CF6445C00E6B85F /* Parameters.swift */,
			);
			name = Utility;
			sourceTree = "<group>";
		};
		BD0757451D05FE8300595332 /* Controllers */ = {
			isa = PBXGroup;
			children = (
				BD0BBA2F1D0E2C42006F7F6A /* EnsembleViewController.swift */,
				BDB6C5A11CFD6C550095E9CA /* InstrumentEditorViewController.swift */,
				BD3FB7B620E4FE35005CFBBF /* SessionsListViewController.swift */,
			);
			name = Controllers;
			sourceTree = "<group>";
		};
		BD1BD0371CF778BE00C804A4 /* Frameworks */ = {
			isa = PBXGroup;
			children = (
				BDD090211D1498F1005E03B6 /* SpriteKit.framework */,
			);
			name = Frameworks;
			sourceTree = "<group>";
		};
		BD4957261D1135A1000324ED /* SoundFonts */ = {
			isa = PBXGroup;
			children = (
				BD6B4FF9215D474D00BC1345 /* catalog.py */,
				BD6B4FFA215D474D00BC1345 /* FluidR3_GM.sh */,
				BD1F14721CF4E98000E6B85F /* GeneralUser GS MuseScore v1.442.sf2 */,
				BD1F14781CF5CDA400E6B85F /* FluidR3_GM.sf2 */,
				BD1F14791CF5CDA400E6B85F /* FreeFont.sf2 */,
				BD1F147A1CF5CDA400E6B85F /* RolandNicePiano.sf2 */,
				BD435E0B1D087844000ECC3C /* FluidR3_GM.swift */,
				BD435E0C1D087844000ECC3C /* FreeFont.swift */,
				BD435E0D1D087844000ECC3C /* GeneralUser GS MuseScore v1.442.swift */,
				BD435E0E1D087844000ECC3C /* RolandNicePiano.swift */,
			);
			path = SoundFonts;
			sourceTree = "<group>";
		};
		BDAEC4211D11CE7C00201498 /* Views */ = {
			isa = PBXGroup;
			children = (
				BD2FFBA32B140ADB007F17DC /* CustomSlider.swift */,
				BD8433DE1D024BC800BD835C /* InstrumentCell.swift */,
				BD3FB7B820E5004D005CFBBF /* SessionsTableViewCell.swift */,
				BD216F711D1374DC00436000 /* PhraseView.swift */,
				BD0BBA311D0E3A68006F7F6A /* VolumeBarView.swift */,
			);
			name = Views;
			sourceTree = "<group>";
		};
		BDB0E35E210F24B2002492B5 /* Tasks */ = {
			isa = PBXGroup;
			children = (
				BDB0E35F210F24F5002492B5 /* CreateRecording.swift */,
			);
			path = Tasks;
			sourceTree = "<group>";
		};
		BDD8B4B91D0039C200CC8698 /* Resources */ = {
			isa = PBXGroup;
			children = (
				BD4957261D1135A1000324ED /* SoundFonts */,
				B06746E219BF58F700DCF4E3 /* Images.xcassets */,
				BD1BD0451CFCAACE00C804A4 /* Settings.bundle */,
			);
			path = Resources;
			sourceTree = "<group>";
		};
		BDD8B4BA1D0039F700CC8698 /* Layouts */ = {
			isa = PBXGroup;
			children = (
				B06746DF19BF58F700DCF4E3 /* Main.storyboard */,
				B01161BE1B149C2A005A90F7 /* Launch Screen.xib */,
			);
			name = Layouts;
			sourceTree = "<group>";
		};
		BDDD0AD920F8BF2400AFB002 /* Audio */ = {
			isa = PBXGroup;
			children = (
				B06746F819BF591200DCF4E3 /* AudioController.swift */,
				BD0757411D05FAD200595332 /* Instrument.swift */,
				BD1F14761CF582A400E6B85F /* IsAudioError.swift */,
				BD7C336D20FFC88C0042B762 /* Note.swift */,
				BDE166AC2101DB690097E5C4 /* Performance.swift */,
				BD1F14801CF5D1AE00E6B85F /* Phrase.swift */,
				BD3E774D2107BBFE0051EEDC /* Player.swift */,
				BDFA66062102837000810712 /* Rando.swift */,
				BDE166AE2101E1430097E5C4 /* Recording.swift */,
				BD1F147E1CF5CF2900E6B85F /* SoundFont.swift */,
				BD07573F1D05FA7D00595332 /* Utils.swift */,
				BDDD0ADB20F8BF2400AFB002 /* Info.plist */,
			);
			path = Audio;
			sourceTree = "<group>";
		};
		BDDD0AE620F8BF2400AFB002 /* SwiftMIDITests */ = {
			isa = PBXGroup;
			children = (
				BD4DBD3E21121162005DD658 /* AudioControllerTests.swift */,
				BD4DBD3C2111E917005DD658 /* InstrumentTests.swift */,
				BDDD0AE720F8BF2400AFB002 /* NoteTests.swift */,
				BD7C336F20FFD9B40042B762 /* PhraseTests.swift */,
				BDFA660821031FF800810712 /* RandoTests.swift */,
				BD7C336B20FFBA960042B762 /* SoundFontTests.swift */,
				BDDD0AE920F8BF2400AFB002 /* Info.plist */,
			);
			path = SwiftMIDITests;
			sourceTree = "<group>";
		};
/* End PBXGroup section */

/* Begin PBXNativeTarget section */
		B06746D519BF58F700DCF4E3 /* SynthInC */ = {
			isa = PBXNativeTarget;
			buildConfigurationList = B06746F219BF58F700DCF4E3 /* Build configuration list for PBXNativeTarget "SynthInC" */;
			buildPhases = (
				B06746D219BF58F700DCF4E3 /* Sources */,
				B06746D319BF58F700DCF4E3 /* Frameworks */,
				B06746D419BF58F700DCF4E3 /* Resources */,
			);
			buildRules = (
			);
			dependencies = (
			);
			name = SynthInC;
			packageProductDependencies = (
				BD2FFBA62B14C9E2007F17DC /* Foil */,
			);
			productName = SynthInC;
			productReference = B06746D619BF58F700DCF4E3 /* SynthInC.app */;
			productType = "com.apple.product-type.application";
		};
		B06746E719BF58F700DCF4E3 /* SynthInCTests */ = {
			isa = PBXNativeTarget;
			buildConfigurationList = B06746F519BF58F700DCF4E3 /* Build configuration list for PBXNativeTarget "SynthInCTests" */;
			buildPhases = (
				B06746E419BF58F700DCF4E3 /* Sources */,
				B06746E519BF58F700DCF4E3 /* Frameworks */,
				B06746E619BF58F700DCF4E3 /* Resources */,
			);
			buildRules = (
			);
			dependencies = (
				B06746EA19BF58F700DCF4E3 /* PBXTargetDependency */,
			);
			name = SynthInCTests;
			productName = SynthInCTests;
			productReference = B06746E819BF58F700DCF4E3 /* SynthInC.xctest */;
			productType = "com.apple.product-type.bundle.unit-test";
		};
		BDDD0ADF20F8BF2400AFB002 /* SwiftMIDITests */ = {
			isa = PBXNativeTarget;
			buildConfigurationList = BDDD0AF320F8BF2400AFB002 /* Build configuration list for PBXNativeTarget "SwiftMIDITests" */;
			buildPhases = (
				BDDD0ADC20F8BF2400AFB002 /* Sources */,
				BDDD0ADD20F8BF2400AFB002 /* Frameworks */,
				BDDD0ADE20F8BF2400AFB002 /* Resources */,
			);
			buildRules = (
			);
			dependencies = (
				BDDD0AE520F8BF2400AFB002 /* PBXTargetDependency */,
			);
			name = SwiftMIDITests;
			productName = SwiftMIDITests;
			productReference = BDDD0AE020F8BF2400AFB002 /* SwiftMIDITests.xctest */;
			productType = "com.apple.product-type.bundle.unit-test";
		};
/* End PBXNativeTarget section */

/* Begin PBXProject section */
		B06746CE19BF58F700DCF4E3 /* Project object */ = {
			isa = PBXProject;
			attributes = {
				LastSwiftMigration = 0700;
				LastSwiftUpdateCheck = 0940;
				LastUpgradeCheck = 1320;
				ORGANIZATIONNAME = "Brad Howes";
				TargetAttributes = {
					B06746D519BF58F700DCF4E3 = {
						CreatedOnToolsVersion = 6.0;
						LastSwiftMigration = 1000;
						SystemCapabilities = {
							com.apple.BackgroundModes = {
								enabled = 1;
							};
							com.apple.GameCenter = {
								enabled = 0;
							};
						};
					};
					B06746E719BF58F700DCF4E3 = {
						CreatedOnToolsVersion = 6.0;
						LastSwiftMigration = 1000;
						TestTargetID = B06746D519BF58F700DCF4E3;
					};
					BDDD0ADF20F8BF2400AFB002 = {
						CreatedOnToolsVersion = 9.4.1;
						LastSwiftMigration = 1000;
						ProvisioningStyle = Automatic;
						TestTargetID = B06746D519BF58F700DCF4E3;
					};
				};
			};
			buildConfigurationList = B06746D119BF58F700DCF4E3 /* Build configuration list for PBXProject "SynthInC" */;
			compatibilityVersion = "Xcode 8.0";
			developmentRegion = en;
			hasScannedForEncodings = 0;
			knownRegions = (
				en,
				Base,
			);
			mainGroup = B06746CD19BF58F700DCF4E3;
			packageReferences = (
				BD2FFBA52B14C9AF007F17DC /* XCRemoteSwiftPackageReference "Foil" */,
			);
			productRefGroup = B06746D719BF58F700DCF4E3 /* Products */;
			projectDirPath = "";
			projectRoot = "";
			targets = (
				B06746D519BF58F700DCF4E3 /* SynthInC */,
				B06746E719BF58F700DCF4E3 /* SynthInCTests */,
				BDDD0ADF20F8BF2400AFB002 /* SwiftMIDITests */,
			);
		};
/* End PBXProject section */

/* Begin PBXResourcesBuildPhase section */
		B06746D419BF58F700DCF4E3 /* Resources */ = {
			isa = PBXResourcesBuildPhase;
			buildActionMask = 2147483647;
			files = (
				BD2FFBC62B150F32007F17DC /* GeneralUser GS MuseScore v1.442.sf2 in Resources */,
				BD2FFBC32B150F32007F17DC /* FluidR3_GM.sf2 in Resources */,
				B01161BF1B149C2A005A90F7 /* Launch Screen.xib in Resources */,
				BD2FFBC42B150F32007F17DC /* RolandNicePiano.sf2 in Resources */,
				B06746E119BF58F700DCF4E3 /* Main.storyboard in Resources */,
				BD2FFBC52B150F32007F17DC /* FreeFont.sf2 in Resources */,
				BD1BD0461CFCAACE00C804A4 /* Settings.bundle in Resources */,
				B06746E319BF58F700DCF4E3 /* Images.xcassets in Resources */,
			);
			runOnlyForDeploymentPostprocessing = 0;
		};
		B06746E619BF58F700DCF4E3 /* Resources */ = {
			isa = PBXResourcesBuildPhase;
			buildActionMask = 2147483647;
			files = (
			);
			runOnlyForDeploymentPostprocessing = 0;
		};
		BDDD0ADE20F8BF2400AFB002 /* Resources */ = {
			isa = PBXResourcesBuildPhase;
			buildActionMask = 2147483647;
			files = (
			);
			runOnlyForDeploymentPostprocessing = 0;
		};
/* End PBXResourcesBuildPhase section */

/* Begin PBXSourcesBuildPhase section */
		B06746D219BF58F700DCF4E3 /* Sources */ = {
			isa = PBXSourcesBuildPhase;
			buildActionMask = 2147483647;
			files = (
				BD2FFBBD2B14D44D007F17DC /* AudioController.swift in Sources */,
				BD0BBA301D0E2C42006F7F6A /* EnsembleViewController.swift in Sources */,
				BD2FFBC22B14D632007F17DC /* GeneralUser GS MuseScore v1.442.swift in Sources */,
				BD2FFBB82B14D44D007F17DC /* SoundFont.swift in Sources */,
				BDB6C5A21CFD6C550095E9CA /* InstrumentEditorViewController.swift in Sources */,
				BD2FFBB52B14D44D007F17DC /* Performance.swift in Sources */,
				BD2FFBBC2B14D44D007F17DC /* Player.swift in Sources */,
				BD2FFBA42B140ADB007F17DC /* CustomSlider.swift in Sources */,
				BD2FFBC02B14D632007F17DC /* FluidR3_GM.swift in Sources */,
				BD216F721D1374DC00436000 /* PhraseView.swift in Sources */,
				BD2FFBB32B14D44D007F17DC /* Instrument.swift in Sources */,
				BD2FFBBA2B14D44D007F17DC /* IsAudioError.swift in Sources */,
				BD2FFBB42B14D44D007F17DC /* Note.swift in Sources */,
				BD8433DF1D024BC800BD835C /* InstrumentCell.swift in Sources */,
				BD0BBA321D0E3A68006F7F6A /* VolumeBarView.swift in Sources */,
				BD2FFBB62B14D44D007F17DC /* Rando.swift in Sources */,
				BD2FFBB92B14D44D007F17DC /* Utils.swift in Sources */,
				BD2FFBB72B14D44D007F17DC /* Phrase.swift in Sources */,
				BD2FFBC12B14D632007F17DC /* RolandNicePiano.swift in Sources */,
				BD3FB7B720E4FE35005CFBBF /* SessionsListViewController.swift in Sources */,
				BD2FFBBF2B14D632007F17DC /* FreeFont.swift in Sources */,
				B06746DC19BF58F700DCF4E3 /* AppDelegate.swift in Sources */,
				BDB0E360210F24F5002492B5 /* CreateRecording.swift in Sources */,
				BD3FB7B920E5004D005CFBBF /* SessionsTableViewCell.swift in Sources */,
				BD1F14851CF6445C00E6B85F /* Parameters.swift in Sources */,
				BD2FFBBB2B14D44D007F17DC /* Recording.swift in Sources */,
			);
			runOnlyForDeploymentPostprocessing = 0;
		};
		B06746E419BF58F700DCF4E3 /* Sources */ = {
			isa = PBXSourcesBuildPhase;
			buildActionMask = 2147483647;
			files = (
				B06746EF19BF58F700DCF4E3 /* SynthInCTests.swift in Sources */,
			);
			runOnlyForDeploymentPostprocessing = 0;
		};
		BDDD0ADC20F8BF2400AFB002 /* Sources */ = {
			isa = PBXSourcesBuildPhase;
			buildActionMask = 2147483647;
			files = (
				BD7C336C20FFBA960042B762 /* SoundFontTests.swift in Sources */,
				BD7C337020FFD9B40042B762 /* PhraseTests.swift in Sources */,
				BD4DBD3F21121162005DD658 /* AudioControllerTests.swift in Sources */,
				BDFA660921031FF800810712 /* RandoTests.swift in Sources */,
				BDDD0AE820F8BF2400AFB002 /* NoteTests.swift in Sources */,
				BD4DBD3D2111E917005DD658 /* InstrumentTests.swift in Sources */,
			);
			runOnlyForDeploymentPostprocessing = 0;
		};
/* End PBXSourcesBuildPhase section */

/* Begin PBXTargetDependency section */
		B06746EA19BF58F700DCF4E3 /* PBXTargetDependency */ = {
			isa = PBXTargetDependency;
			target = B06746D519BF58F700DCF4E3 /* SynthInC */;
			targetProxy = BDD8B4BB1D003BEC00CC8698 /* PBXContainerItemProxy */;
		};
		BDDD0AE520F8BF2400AFB002 /* PBXTargetDependency */ = {
			isa = PBXTargetDependency;
			target = B06746D519BF58F700DCF4E3 /* SynthInC */;
			targetProxy = BDDD0AE420F8BF2400AFB002 /* PBXContainerItemProxy */;
		};
/* End PBXTargetDependency section */

/* Begin PBXVariantGroup section */
		B06746DF19BF58F700DCF4E3 /* Main.storyboard */ = {
			isa = PBXVariantGroup;
			children = (
				B06746E019BF58F700DCF4E3 /* Base */,
			);
			name = Main.storyboard;
			path = UI;
			sourceTree = "<group>";
		};
/* End PBXVariantGroup section */

/* Begin XCBuildConfiguration section */
		B06746F019BF58F700DCF4E3 /* Debug */ = {
			isa = XCBuildConfiguration;
			buildSettings = {
				ALWAYS_EMBED_SWIFT_STANDARD_LIBRARIES = YES;
				ALWAYS_SEARCH_USER_PATHS = NO;
				CLANG_CXX_LANGUAGE_STANDARD = "gnu++0x";
				CLANG_CXX_LIBRARY = "libc++";
				CLANG_ENABLE_MODULES = YES;
				CLANG_ENABLE_OBJC_ARC = YES;
				CLANG_WARN_BLOCK_CAPTURE_AUTORELEASING = YES;
				CLANG_WARN_BOOL_CONVERSION = YES;
				CLANG_WARN_COMMA = YES;
				CLANG_WARN_CONSTANT_CONVERSION = YES;
				CLANG_WARN_DEPRECATED_OBJC_IMPLEMENTATIONS = YES;
				CLANG_WARN_DIRECT_OBJC_ISA_USAGE = YES_ERROR;
				CLANG_WARN_EMPTY_BODY = YES;
				CLANG_WARN_ENUM_CONVERSION = YES;
				CLANG_WARN_INFINITE_RECURSION = YES;
				CLANG_WARN_INT_CONVERSION = YES;
				CLANG_WARN_NON_LITERAL_NULL_CONVERSION = YES;
				CLANG_WARN_OBJC_IMPLICIT_RETAIN_SELF = YES;
				CLANG_WARN_OBJC_LITERAL_CONVERSION = YES;
				CLANG_WARN_OBJC_ROOT_CLASS = YES_ERROR;
				CLANG_WARN_QUOTED_INCLUDE_IN_FRAMEWORK_HEADER = YES;
				CLANG_WARN_RANGE_LOOP_ANALYSIS = YES;
				CLANG_WARN_STRICT_PROTOTYPES = YES;
				CLANG_WARN_SUSPICIOUS_MOVE = YES;
				CLANG_WARN_UNREACHABLE_CODE = YES;
				CLANG_WARN__DUPLICATE_METHOD_MATCH = YES;
				"CODE_SIGN_IDENTITY[sdk=iphoneos*]" = "iPhone Developer";
				COPY_PHASE_STRIP = NO;
				ENABLE_STRICT_OBJC_MSGSEND = YES;
				ENABLE_TESTABILITY = YES;
				GCC_C_LANGUAGE_STANDARD = gnu99;
				GCC_DYNAMIC_NO_PIC = NO;
				GCC_NO_COMMON_BLOCKS = YES;
				GCC_OPTIMIZATION_LEVEL = 0;
				GCC_PREPROCESSOR_DEFINITIONS = (
					"DEBUG=1",
					"$(inherited)",
				);
				GCC_SYMBOLS_PRIVATE_EXTERN = NO;
				GCC_WARN_64_TO_32_BIT_CONVERSION = YES;
				GCC_WARN_ABOUT_RETURN_TYPE = YES_ERROR;
				GCC_WARN_UNDECLARED_SELECTOR = YES;
				GCC_WARN_UNINITIALIZED_AUTOS = YES_AGGRESSIVE;
				GCC_WARN_UNUSED_FUNCTION = YES;
				GCC_WARN_UNUSED_VARIABLE = YES;
				IPHONEOS_DEPLOYMENT_TARGET = 17.0;
				MTL_ENABLE_DEBUG_INFO = YES;
				ONLY_ACTIVE_ARCH = YES;
				SDKROOT = iphoneos;
				SWIFT_INSTALL_OBJC_HEADER = YES;
				SWIFT_OPTIMIZATION_LEVEL = "-Onone";
				SWIFT_SWIFT3_OBJC_INFERENCE = Off;
				SWIFT_VERSION = 4.2;
				TARGETED_DEVICE_FAMILY = "1,2";
			};
			name = Debug;
		};
		B06746F119BF58F700DCF4E3 /* Release */ = {
			isa = XCBuildConfiguration;
			buildSettings = {
				ALWAYS_EMBED_SWIFT_STANDARD_LIBRARIES = YES;
				ALWAYS_SEARCH_USER_PATHS = NO;
				CLANG_CXX_LANGUAGE_STANDARD = "gnu++0x";
				CLANG_CXX_LIBRARY = "libc++";
				CLANG_ENABLE_MODULES = YES;
				CLANG_ENABLE_OBJC_ARC = YES;
				CLANG_WARN_BLOCK_CAPTURE_AUTORELEASING = YES;
				CLANG_WARN_BOOL_CONVERSION = YES;
				CLANG_WARN_COMMA = YES;
				CLANG_WARN_CONSTANT_CONVERSION = YES;
				CLANG_WARN_DEPRECATED_OBJC_IMPLEMENTATIONS = YES;
				CLANG_WARN_DIRECT_OBJC_ISA_USAGE = YES_ERROR;
				CLANG_WARN_EMPTY_BODY = YES;
				CLANG_WARN_ENUM_CONVERSION = YES;
				CLANG_WARN_INFINITE_RECURSION = YES;
				CLANG_WARN_INT_CONVERSION = YES;
				CLANG_WARN_NON_LITERAL_NULL_CONVERSION = YES;
				CLANG_WARN_OBJC_IMPLICIT_RETAIN_SELF = YES;
				CLANG_WARN_OBJC_LITERAL_CONVERSION = YES;
				CLANG_WARN_OBJC_ROOT_CLASS = YES_ERROR;
				CLANG_WARN_QUOTED_INCLUDE_IN_FRAMEWORK_HEADER = YES;
				CLANG_WARN_RANGE_LOOP_ANALYSIS = YES;
				CLANG_WARN_STRICT_PROTOTYPES = YES;
				CLANG_WARN_SUSPICIOUS_MOVE = YES;
				CLANG_WARN_UNREACHABLE_CODE = YES;
				CLANG_WARN__DUPLICATE_METHOD_MATCH = YES;
				"CODE_SIGN_IDENTITY[sdk=iphoneos*]" = "iPhone Developer";
				COPY_PHASE_STRIP = YES;
				ENABLE_NS_ASSERTIONS = NO;
				ENABLE_STRICT_OBJC_MSGSEND = YES;
				GCC_C_LANGUAGE_STANDARD = gnu99;
				GCC_NO_COMMON_BLOCKS = YES;
				GCC_WARN_64_TO_32_BIT_CONVERSION = YES;
				GCC_WARN_ABOUT_RETURN_TYPE = YES_ERROR;
				GCC_WARN_UNDECLARED_SELECTOR = YES;
				GCC_WARN_UNINITIALIZED_AUTOS = YES_AGGRESSIVE;
				GCC_WARN_UNUSED_FUNCTION = YES;
				GCC_WARN_UNUSED_VARIABLE = YES;
				IPHONEOS_DEPLOYMENT_TARGET = 17.0;
				MTL_ENABLE_DEBUG_INFO = NO;
				SDKROOT = iphoneos;
				SWIFT_COMPILATION_MODE = wholemodule;
				SWIFT_INSTALL_OBJC_HEADER = YES;
				SWIFT_OPTIMIZATION_LEVEL = "-O";
				SWIFT_SWIFT3_OBJC_INFERENCE = Off;
				SWIFT_VERSION = 4.2;
				TARGETED_DEVICE_FAMILY = "1,2";
				VALIDATE_PRODUCT = YES;
			};
			name = Release;
		};
		B06746F319BF58F700DCF4E3 /* Debug */ = {
			isa = XCBuildConfiguration;
			buildSettings = {
				ASSETCATALOG_COMPILER_APPICON_NAME = AppIcon;
				CLANG_ENABLE_MODULES = YES;
				CODE_SIGN_IDENTITY = "iPhone Developer";
				"CODE_SIGN_IDENTITY[sdk=iphoneos*]" = "iPhone Developer";
				DEVELOPMENT_TEAM = UP6SS5ES7E;
				INFOPLIST_FILE = SynthInC/Info.plist;
				INFOPLIST_KEY_CFBundleDisplayName = SynthInC;
				INFOPLIST_KEY_LSApplicationCategoryType = "public.app-category.entertainment";
				LD_RUNPATH_SEARCH_PATHS = (
					"$(inherited)",
					"@executable_path/Frameworks",
				);
				PRODUCT_BUNDLE_IDENTIFIER = com.brhcode.SynthInC;
				PRODUCT_NAME = SynthInC;
				PROVISIONING_PROFILE = "";
				SWIFT_OPTIMIZATION_LEVEL = "-Onone";
				SWIFT_SWIFT3_OBJC_INFERENCE = Default;
				SWIFT_VERSION = 4.2;
			};
			name = Debug;
		};
		B06746F419BF58F700DCF4E3 /* Release */ = {
			isa = XCBuildConfiguration;
			buildSettings = {
				ASSETCATALOG_COMPILER_APPICON_NAME = AppIcon;
				CLANG_ENABLE_MODULES = YES;
				CODE_SIGN_IDENTITY = "iPhone Developer";
				"CODE_SIGN_IDENTITY[sdk=iphoneos*]" = "iPhone Developer";
				DEVELOPMENT_TEAM = UP6SS5ES7E;
				INFOPLIST_FILE = SynthInC/Info.plist;
				INFOPLIST_KEY_CFBundleDisplayName = SynthInC;
				INFOPLIST_KEY_LSApplicationCategoryType = "public.app-category.entertainment";
				LD_RUNPATH_SEARCH_PATHS = (
					"$(inherited)",
					"@executable_path/Frameworks",
				);
				PRODUCT_BUNDLE_IDENTIFIER = com.brhcode.SynthInC;
				PRODUCT_NAME = SynthInC;
				PROVISIONING_PROFILE = "";
				SWIFT_SWIFT3_OBJC_INFERENCE = Default;
				SWIFT_VERSION = 4.2;
			};
			name = Release;
		};
		B06746F619BF58F700DCF4E3 /* Debug */ = {
			isa = XCBuildConfiguration;
			buildSettings = {
				BUNDLE_LOADER = "$(TEST_HOST)";
				DEVELOPMENT_TEAM = UP6SS5ES7E;
				FRAMEWORK_SEARCH_PATHS = (
					"$(SDKROOT)/Developer/Library/Frameworks",
					"$(inherited)",
				);
				GCC_PREPROCESSOR_DEFINITIONS = (
					"DEBUG=1",
					"$(inherited)",
				);
				INFOPLIST_FILE = SynthInCTests/Info.plist;
				LD_RUNPATH_SEARCH_PATHS = (
					"$(inherited)",
					"@executable_path/Frameworks",
					"@loader_path/Frameworks",
				);
				PRODUCT_BUNDLE_IDENTIFIER = "com.rockhoppertech.$(PRODUCT_NAME:rfc1034identifier)";
				PRODUCT_NAME = SynthInC;
				SWIFT_SWIFT3_OBJC_INFERENCE = Off;
				SWIFT_VERSION = 4.2;
				TEST_HOST = "$(BUILT_PRODUCTS_DIR)/SynthInC.app/SynthInC";
			};
			name = Debug;
		};
		B06746F719BF58F700DCF4E3 /* Release */ = {
			isa = XCBuildConfiguration;
			buildSettings = {
				BUNDLE_LOADER = "$(TEST_HOST)";
				DEVELOPMENT_TEAM = UP6SS5ES7E;
				FRAMEWORK_SEARCH_PATHS = (
					"$(SDKROOT)/Developer/Library/Frameworks",
					"$(inherited)",
				);
				INFOPLIST_FILE = SynthInCTests/Info.plist;
				LD_RUNPATH_SEARCH_PATHS = (
					"$(inherited)",
					"@executable_path/Frameworks",
					"@loader_path/Frameworks",
				);
				PRODUCT_BUNDLE_IDENTIFIER = "com.rockhoppertech.$(PRODUCT_NAME:rfc1034identifier)";
				PRODUCT_NAME = SynthInC;
				SWIFT_SWIFT3_OBJC_INFERENCE = Off;
				SWIFT_VERSION = 4.2;
				TEST_HOST = "$(BUILT_PRODUCTS_DIR)/SynthInC.app/SynthInC";
			};
			name = Release;
		};
		BDDD0AF420F8BF2400AFB002 /* Debug */ = {
			isa = XCBuildConfiguration;
			buildSettings = {
				CLANG_ANALYZER_NONNULL = YES;
				CLANG_ANALYZER_NUMBER_OBJECT_CONVERSION = YES_AGGRESSIVE;
				CLANG_CXX_LANGUAGE_STANDARD = "gnu++14";
				CLANG_ENABLE_OBJC_WEAK = YES;
				CLANG_WARN_DOCUMENTATION_COMMENTS = YES;
				CLANG_WARN_UNGUARDED_AVAILABILITY = YES_AGGRESSIVE;
				CODE_SIGN_IDENTITY = "iPhone Developer";
				CODE_SIGN_STYLE = Automatic;
				DEBUG_INFORMATION_FORMAT = dwarf;
				DEVELOPMENT_TEAM = UP6SS5ES7E;
				GCC_C_LANGUAGE_STANDARD = gnu11;
				INFOPLIST_FILE = SwiftMIDITests/Info.plist;
				IPHONEOS_DEPLOYMENT_TARGET = 12.0;
				LD_RUNPATH_SEARCH_PATHS = (
					"$(inherited)",
					"@executable_path/Frameworks",
					"@loader_path/Frameworks",
				);
				PRODUCT_BUNDLE_IDENTIFIER = com.braysoft.SwiftMIDITests;
				PRODUCT_NAME = "$(TARGET_NAME)";
				SWIFT_ACTIVE_COMPILATION_CONDITIONS = DEBUG;
				SWIFT_VERSION = 4.2;
				TARGETED_DEVICE_FAMILY = "1,2";
				TEST_HOST = "$(BUILT_PRODUCTS_DIR)/SynthInC.app/SynthInC";
			};
			name = Debug;
		};
		BDDD0AF520F8BF2400AFB002 /* Release */ = {
			isa = XCBuildConfiguration;
			buildSettings = {
				CLANG_ANALYZER_NONNULL = YES;
				CLANG_ANALYZER_NUMBER_OBJECT_CONVERSION = YES_AGGRESSIVE;
				CLANG_CXX_LANGUAGE_STANDARD = "gnu++14";
				CLANG_ENABLE_OBJC_WEAK = YES;
				CLANG_WARN_DOCUMENTATION_COMMENTS = YES;
				CLANG_WARN_UNGUARDED_AVAILABILITY = YES_AGGRESSIVE;
				CODE_SIGN_IDENTITY = "iPhone Developer";
				CODE_SIGN_STYLE = Automatic;
				COPY_PHASE_STRIP = NO;
				DEBUG_INFORMATION_FORMAT = "dwarf-with-dsym";
				DEVELOPMENT_TEAM = UP6SS5ES7E;
				GCC_C_LANGUAGE_STANDARD = gnu11;
				INFOPLIST_FILE = SwiftMIDITests/Info.plist;
				IPHONEOS_DEPLOYMENT_TARGET = 12.0;
				LD_RUNPATH_SEARCH_PATHS = (
					"$(inherited)",
					"@executable_path/Frameworks",
					"@loader_path/Frameworks",
				);
				PRODUCT_BUNDLE_IDENTIFIER = com.braysoft.SwiftMIDITests;
				PRODUCT_NAME = "$(TARGET_NAME)";
				SWIFT_VERSION = 4.2;
				TARGETED_DEVICE_FAMILY = "1,2";
				TEST_HOST = "$(BUILT_PRODUCTS_DIR)/SynthInC.app/SynthInC";
			};
			name = Release;
		};
/* End XCBuildConfiguration section */

/* Begin XCConfigurationList section */
		B06746D119BF58F700DCF4E3 /* Build configuration list for PBXProject "SynthInC" */ = {
			isa = XCConfigurationList;
			buildConfigurations = (
				B06746F019BF58F700DCF4E3 /* Debug */,
				B06746F119BF58F700DCF4E3 /* Release */,
			);
			defaultConfigurationIsVisible = 0;
			defaultConfigurationName = Release;
		};
		B06746F219BF58F700DCF4E3 /* Build configuration list for PBXNativeTarget "SynthInC" */ = {
			isa = XCConfigurationList;
			buildConfigurations = (
				B06746F319BF58F700DCF4E3 /* Debug */,
				B06746F419BF58F700DCF4E3 /* Release */,
			);
			defaultConfigurationIsVisible = 0;
			defaultConfigurationName = Release;
		};
		B06746F519BF58F700DCF4E3 /* Build configuration list for PBXNativeTarget "SynthInCTests" */ = {
			isa = XCConfigurationList;
			buildConfigurations = (
				B06746F619BF58F700DCF4E3 /* Debug */,
				B06746F719BF58F700DCF4E3 /* Release */,
			);
			defaultConfigurationIsVisible = 0;
			defaultConfigurationName = Release;
		};
		BDDD0AF320F8BF2400AFB002 /* Build configuration list for PBXNativeTarget "SwiftMIDITests" */ = {
			isa = XCConfigurationList;
			buildConfigurations = (
				BDDD0AF420F8BF2400AFB002 /* Debug */,
				BDDD0AF520F8BF2400AFB002 /* Release */,
			);
			defaultConfigurationIsVisible = 0;
			defaultConfigurationName = Release;
		};
/* End XCConfigurationList section */

/* Begin XCRemoteSwiftPackageReference section */
		BD2FFBA52B14C9AF007F17DC /* XCRemoteSwiftPackageReference "Foil" */ = {
			isa = XCRemoteSwiftPackageReference;
			repositoryURL = "https://github.com/jessesquires/Foil";
			requirement = {
				kind = upToNextMajorVersion;
				minimumVersion = 4.0.1;
			};
		};
/* End XCRemoteSwiftPackageReference section */

/* Begin XCSwiftPackageProductDependency section */
		BD2FFBA62B14C9E2007F17DC /* Foil */ = {
			isa = XCSwiftPackageProductDependency;
			package = BD2FFBA52B14C9AF007F17DC /* XCRemoteSwiftPackageReference "Foil" */;
			productName = Foil;
		};
/* End XCSwiftPackageProductDependency section */
	};
	rootObject = B06746CE19BF58F700DCF4E3 /* Project object */;
}
