// !$*UTF8*$!
{
	archiveVersion = 1;
	classes = {
	};
	objectVersion = 48;
	objects = {

/* Begin PBXBuildFile section */
		77158AAA67D7D68DD3044286 /* Pods_SynthInC.framework in Frameworks */ = {isa = PBXBuildFile; fileRef = 0655A70EAE5D977FFC3B7334 /* Pods_SynthInC.framework */; };
		B01161BF1B149C2A005A90F7 /* Launch Screen.xib in Resources */ = {isa = PBXBuildFile; fileRef = B01161BE1B149C2A005A90F7 /* Launch Screen.xib */; };
		B06746DC19BF58F700DCF4E3 /* AppDelegate.swift in Sources */ = {isa = PBXBuildFile; fileRef = B06746DB19BF58F700DCF4E3 /* AppDelegate.swift */; };
		B06746E119BF58F700DCF4E3 /* Main.storyboard in Resources */ = {isa = PBXBuildFile; fileRef = B06746DF19BF58F700DCF4E3 /* Main.storyboard */; };
		B06746E319BF58F700DCF4E3 /* Images.xcassets in Resources */ = {isa = PBXBuildFile; fileRef = B06746E219BF58F700DCF4E3 /* Images.xcassets */; };
		B06746EF19BF58F700DCF4E3 /* SynthInCTests.swift in Sources */ = {isa = PBXBuildFile; fileRef = B06746EE19BF58F700DCF4E3 /* SynthInCTests.swift */; };
		BD0BBA301D0E2C42006F7F6A /* EnsembleViewController.swift in Sources */ = {isa = PBXBuildFile; fileRef = BD0BBA2F1D0E2C42006F7F6A /* EnsembleViewController.swift */; };
		BD0BBA321D0E3A68006F7F6A /* VolumeBarView.swift in Sources */ = {isa = PBXBuildFile; fileRef = BD0BBA311D0E3A68006F7F6A /* VolumeBarView.swift */; };
		BD1BD0461CFCAACE00C804A4 /* Settings.bundle in Resources */ = {isa = PBXBuildFile; fileRef = BD1BD0451CFCAACE00C804A4 /* Settings.bundle */; };
		BD1F14851CF6445C00E6B85F /* Parameters.swift in Sources */ = {isa = PBXBuildFile; fileRef = BD1F14841CF6445C00E6B85F /* Parameters.swift */; };
		BD216F721D1374DC00436000 /* PhraseView.swift in Sources */ = {isa = PBXBuildFile; fileRef = BD216F711D1374DC00436000 /* PhraseView.swift */; };
		BD216F741D13B3C400436000 /* SettingsViewController.swift in Sources */ = {isa = PBXBuildFile; fileRef = BD216F731D13B3C400436000 /* SettingsViewController.swift */; };
		BD3E774E2107BBFE0051EEDC /* Player.swift in Sources */ = {isa = PBXBuildFile; fileRef = BD3E774D2107BBFE0051EEDC /* Player.swift */; };
		BD3FB7B720E4FE35005CFBBF /* SessionsListViewController.swift in Sources */ = {isa = PBXBuildFile; fileRef = BD3FB7B620E4FE35005CFBBF /* SessionsListViewController.swift */; };
		BD3FB7B920E5004D005CFBBF /* SessionsTableViewCell.swift in Sources */ = {isa = PBXBuildFile; fileRef = BD3FB7B820E5004D005CFBBF /* SessionsTableViewCell.swift */; };
		BD4DBD3D2111E917005DD658 /* InstrumentTests.swift in Sources */ = {isa = PBXBuildFile; fileRef = BD4DBD3C2111E917005DD658 /* InstrumentTests.swift */; };
		BD4DBD3F21121162005DD658 /* AudioControllerTests.swift in Sources */ = {isa = PBXBuildFile; fileRef = BD4DBD3E21121162005DD658 /* AudioControllerTests.swift */; };
		BD6B4FFB215D474D00BC1345 /* catalog.py in Resources */ = {isa = PBXBuildFile; fileRef = BD6B4FF9215D474D00BC1345 /* catalog.py */; };
		BD6B4FFC215D474D00BC1345 /* FluidR3_GM.sh in Resources */ = {isa = PBXBuildFile; fileRef = BD6B4FFA215D474D00BC1345 /* FluidR3_GM.sh */; };
		BD7C336C20FFBA960042B762 /* SoundFontTests.swift in Sources */ = {isa = PBXBuildFile; fileRef = BD7C336B20FFBA960042B762 /* SoundFontTests.swift */; };
		BD7C336E20FFC88C0042B762 /* Note.swift in Sources */ = {isa = PBXBuildFile; fileRef = BD7C336D20FFC88C0042B762 /* Note.swift */; };
		BD7C337020FFD9B40042B762 /* PhraseTests.swift in Sources */ = {isa = PBXBuildFile; fileRef = BD7C336F20FFD9B40042B762 /* PhraseTests.swift */; };
		BD8433DF1D024BC800BD835C /* InstrumentCell.swift in Sources */ = {isa = PBXBuildFile; fileRef = BD8433DE1D024BC800BD835C /* InstrumentCell.swift */; };
		BDB0E360210F24F5002492B5 /* CreateRecording.swift in Sources */ = {isa = PBXBuildFile; fileRef = BDB0E35F210F24F5002492B5 /* CreateRecording.swift */; };
		BDB6C5A21CFD6C550095E9CA /* InstrumentEditorViewController.swift in Sources */ = {isa = PBXBuildFile; fileRef = BDB6C5A11CFD6C550095E9CA /* InstrumentEditorViewController.swift */; };
		BDC621BB211330CF0097AEC4 /* SwiftyTimer.swift in Sources */ = {isa = PBXBuildFile; fileRef = BDC621BA211330CF0097AEC4 /* SwiftyTimer.swift */; };
		BDD090221D1498F1005E03B6 /* SpriteKit.framework in Frameworks */ = {isa = PBXBuildFile; fileRef = BDD090211D1498F1005E03B6 /* SpriteKit.framework */; };
		BDDD0AE120F8BF2400AFB002 /* SwiftMIDI.framework in Frameworks */ = {isa = PBXBuildFile; fileRef = BDDD0AD820F8BF2400AFB002 /* SwiftMIDI.framework */; };
		BDDD0AE820F8BF2400AFB002 /* NoteTests.swift in Sources */ = {isa = PBXBuildFile; fileRef = BDDD0AE720F8BF2400AFB002 /* NoteTests.swift */; };
		BDDD0AEA20F8BF2400AFB002 /* SwiftMIDI.h in Headers */ = {isa = PBXBuildFile; fileRef = BDDD0ADA20F8BF2400AFB002 /* SwiftMIDI.h */; settings = {ATTRIBUTES = (Public, ); }; };
		BDDD0AED20F8BF2400AFB002 /* SwiftMIDI.framework in Frameworks */ = {isa = PBXBuildFile; fileRef = BDDD0AD820F8BF2400AFB002 /* SwiftMIDI.framework */; };
		BDDD0AEE20F8BF2400AFB002 /* SwiftMIDI.framework in Embed Frameworks */ = {isa = PBXBuildFile; fileRef = BDDD0AD820F8BF2400AFB002 /* SwiftMIDI.framework */; settings = {ATTRIBUTES = (CodeSignOnCopy, RemoveHeadersOnCopy, ); }; };
		BDDD0AF620F8BF9B00AFB002 /* SoundFont.swift in Sources */ = {isa = PBXBuildFile; fileRef = BD1F147E1CF5CF2900E6B85F /* SoundFont.swift */; };
		BDDD0AF720F8BF9B00AFB002 /* Instrument.swift in Sources */ = {isa = PBXBuildFile; fileRef = BD0757411D05FAD200595332 /* Instrument.swift */; };
		BDDD0AF820F8BF9B00AFB002 /* AudioController.swift in Sources */ = {isa = PBXBuildFile; fileRef = B06746F819BF591200DCF4E3 /* AudioController.swift */; };
		BDDD0AF920F8BF9B00AFB002 /* Phrase.swift in Sources */ = {isa = PBXBuildFile; fileRef = BD1F14801CF5D1AE00E6B85F /* Phrase.swift */; };
		BDDD0AFE20F8BFCF00AFB002 /* FluidR3_GM.swift in Sources */ = {isa = PBXBuildFile; fileRef = BD435E0B1D087844000ECC3C /* FluidR3_GM.swift */; };
		BDDD0AFF20F8BFCF00AFB002 /* FreeFont.swift in Sources */ = {isa = PBXBuildFile; fileRef = BD435E0C1D087844000ECC3C /* FreeFont.swift */; };
		BDDD0B0020F8BFCF00AFB002 /* GeneralUser GS MuseScore v1.442.swift in Sources */ = {isa = PBXBuildFile; fileRef = BD435E0D1D087844000ECC3C /* GeneralUser GS MuseScore v1.442.swift */; };
		BDDD0B0120F8BFCF00AFB002 /* RolandNicePiano.swift in Sources */ = {isa = PBXBuildFile; fileRef = BD435E0E1D087844000ECC3C /* RolandNicePiano.swift */; };
		BDDD0B2420F8C17B00AFB002 /* Utils.swift in Sources */ = {isa = PBXBuildFile; fileRef = BD07573F1D05FA7D00595332 /* Utils.swift */; };
		BDDD0B2620F8C1BC00AFB002 /* IsAudioError.swift in Sources */ = {isa = PBXBuildFile; fileRef = BD1F14761CF582A400E6B85F /* IsAudioError.swift */; };
		BDDD0B2920F9131D00AFB002 /* GeneralUser GS MuseScore v1.442.sf2 in Resources */ = {isa = PBXBuildFile; fileRef = BD1F14721CF4E98000E6B85F /* GeneralUser GS MuseScore v1.442.sf2 */; };
		BDDD0B2A20F9132500AFB002 /* FluidR3_GM.sf2 in Resources */ = {isa = PBXBuildFile; fileRef = BD1F14781CF5CDA400E6B85F /* FluidR3_GM.sf2 */; };
		BDDD0B2B20F9132500AFB002 /* FreeFont.sf2 in Resources */ = {isa = PBXBuildFile; fileRef = BD1F14791CF5CDA400E6B85F /* FreeFont.sf2 */; };
		BDDD0B2C20F9132500AFB002 /* RolandNicePiano.sf2 in Resources */ = {isa = PBXBuildFile; fileRef = BD1F147A1CF5CDA400E6B85F /* RolandNicePiano.sf2 */; };
		BDE166AD2101DB690097E5C4 /* Performance.swift in Sources */ = {isa = PBXBuildFile; fileRef = BDE166AC2101DB690097E5C4 /* Performance.swift */; };
		BDE166AF2101E1430097E5C4 /* Recording.swift in Sources */ = {isa = PBXBuildFile; fileRef = BDE166AE2101E1430097E5C4 /* Recording.swift */; };
		BDFA66072102837000810712 /* Rando.swift in Sources */ = {isa = PBXBuildFile; fileRef = BDFA66062102837000810712 /* Rando.swift */; };
		BDFA660921031FF800810712 /* RandoTests.swift in Sources */ = {isa = PBXBuildFile; fileRef = BDFA660821031FF800810712 /* RandoTests.swift */; };
		D65AD46D1E7B021F45A55AB8 /* Pods_SynthInCTests.framework in Frameworks */ = {isa = PBXBuildFile; fileRef = 643BD2A6E0910D35ADA101A5 /* Pods_SynthInCTests.framework */; };
/* End PBXBuildFile section */

/* Begin PBXContainerItemProxy section */
		BDD8B4BB1D003BEC00CC8698 /* PBXContainerItemProxy */ = {
			isa = PBXContainerItemProxy;
			containerPortal = B06746CE19BF58F700DCF4E3 /* Project object */;
			proxyType = 1;
			remoteGlobalIDString = B06746D519BF58F700DCF4E3;
			remoteInfo = SynthInC;
		};
		BDDD0AE220F8BF2400AFB002 /* PBXContainerItemProxy */ = {
			isa = PBXContainerItemProxy;
			containerPortal = B06746CE19BF58F700DCF4E3 /* Project object */;
			proxyType = 1;
			remoteGlobalIDString = BDDD0AD720F8BF2400AFB002;
			remoteInfo = SwiftMIDI;
		};
		BDDD0AE420F8BF2400AFB002 /* PBXContainerItemProxy */ = {
			isa = PBXContainerItemProxy;
			containerPortal = B06746CE19BF58F700DCF4E3 /* Project object */;
			proxyType = 1;
			remoteGlobalIDString = B06746D519BF58F700DCF4E3;
			remoteInfo = SynthInC;
		};
		BDDD0AEB20F8BF2400AFB002 /* PBXContainerItemProxy */ = {
			isa = PBXContainerItemProxy;
			containerPortal = B06746CE19BF58F700DCF4E3 /* Project object */;
			proxyType = 1;
			remoteGlobalIDString = BDDD0AD720F8BF2400AFB002;
			remoteInfo = SwiftMIDI;
		};
/* End PBXContainerItemProxy section */

/* Begin PBXCopyFilesBuildPhase section */
		BDDD0AF220F8BF2400AFB002 /* Embed Frameworks */ = {
			isa = PBXCopyFilesBuildPhase;
			buildActionMask = 2147483647;
			dstPath = "";
			dstSubfolderSpec = 10;
			files = (
				BDDD0AEE20F8BF2400AFB002 /* SwiftMIDI.framework in Embed Frameworks */,
			);
			name = "Embed Frameworks";
			runOnlyForDeploymentPostprocessing = 0;
		};
/* End PBXCopyFilesBuildPhase section */

/* Begin PBXFileReference section */
		0015E7ED2FDFCE1FCF4F64B7 /* Pods-SynthInCTests.debug.xcconfig */ = {isa = PBXFileReference; includeInIndex = 1; lastKnownFileType = text.xcconfig; name = "Pods-SynthInCTests.debug.xcconfig"; path = "Pods/Target Support Files/Pods-SynthInCTests/Pods-SynthInCTests.debug.xcconfig"; sourceTree = "<group>"; };
		0655A70EAE5D977FFC3B7334 /* Pods_SynthInC.framework */ = {isa = PBXFileReference; explicitFileType = wrapper.framework; includeInIndex = 0; path = Pods_SynthInC.framework; sourceTree = BUILT_PRODUCTS_DIR; };
		23D94C2529DAE8B4167644DA /* Pods-SynthInC.debug.xcconfig */ = {isa = PBXFileReference; includeInIndex = 1; lastKnownFileType = text.xcconfig; name = "Pods-SynthInC.debug.xcconfig"; path = "Pods/Target Support Files/Pods-SynthInC/Pods-SynthInC.debug.xcconfig"; sourceTree = "<group>"; };
		643BD2A6E0910D35ADA101A5 /* Pods_SynthInCTests.framework */ = {isa = PBXFileReference; explicitFileType = wrapper.framework; includeInIndex = 0; path = Pods_SynthInCTests.framework; sourceTree = BUILT_PRODUCTS_DIR; };
		796A0CFAAA66079C6C6D0A92 /* Pods-SynthInCTests.release.xcconfig */ = {isa = PBXFileReference; includeInIndex = 1; lastKnownFileType = text.xcconfig; name = "Pods-SynthInCTests.release.xcconfig"; path = "Pods/Target Support Files/Pods-SynthInCTests/Pods-SynthInCTests.release.xcconfig"; sourceTree = "<group>"; };
		B01161BE1B149C2A005A90F7 /* Launch Screen.xib */ = {isa = PBXFileReference; fileEncoding = 4; lastKnownFileType = file.xib; name = "Launch Screen.xib"; path = "../Launch Screen.xib"; sourceTree = "<group>"; };
		B06746D619BF58F700DCF4E3 /* SynthInC.app */ = {isa = PBXFileReference; explicitFileType = wrapper.application; includeInIndex = 0; path = SynthInC.app; sourceTree = BUILT_PRODUCTS_DIR; };
		B06746DA19BF58F700DCF4E3 /* Info.plist */ = {isa = PBXFileReference; lastKnownFileType = text.plist.xml; path = Info.plist; sourceTree = "<group>"; };
		B06746DB19BF58F700DCF4E3 /* AppDelegate.swift */ = {isa = PBXFileReference; lastKnownFileType = sourcecode.swift; path = AppDelegate.swift; sourceTree = "<group>"; };
		B06746E019BF58F700DCF4E3 /* Base */ = {isa = PBXFileReference; lastKnownFileType = file.storyboard; name = Base; path = Base.lproj/Main.storyboard; sourceTree = "<group>"; };
		B06746E219BF58F700DCF4E3 /* Images.xcassets */ = {isa = PBXFileReference; lastKnownFileType = folder.assetcatalog; name = Images.xcassets; path = SynthInC/Images.xcassets; sourceTree = "<group>"; };
		B06746E819BF58F700DCF4E3 /* SynthInC.xctest */ = {isa = PBXFileReference; explicitFileType = wrapper.cfbundle; includeInIndex = 0; path = SynthInC.xctest; sourceTree = BUILT_PRODUCTS_DIR; };
		B06746ED19BF58F700DCF4E3 /* Info.plist */ = {isa = PBXFileReference; lastKnownFileType = text.plist.xml; path = Info.plist; sourceTree = "<group>"; };
		B06746EE19BF58F700DCF4E3 /* SynthInCTests.swift */ = {isa = PBXFileReference; lastKnownFileType = sourcecode.swift; path = SynthInCTests.swift; sourceTree = "<group>"; };
		B06746F819BF591200DCF4E3 /* AudioController.swift */ = {isa = PBXFileReference; fileEncoding = 4; lastKnownFileType = sourcecode.swift; path = AudioController.swift; sourceTree = "<group>"; };
		B06746FE19BF673300DCF4E3 /* README.md */ = {isa = PBXFileReference; fileEncoding = 4; lastKnownFileType = net.daringfireball.markdown; path = README.md; sourceTree = "<group>"; };
		BD07573F1D05FA7D00595332 /* Utils.swift */ = {isa = PBXFileReference; fileEncoding = 4; lastKnownFileType = sourcecode.swift; path = Utils.swift; sourceTree = "<group>"; };
		BD0757411D05FAD200595332 /* Instrument.swift */ = {isa = PBXFileReference; fileEncoding = 4; lastKnownFileType = sourcecode.swift; path = Instrument.swift; sourceTree = "<group>"; };
		BD0BBA2F1D0E2C42006F7F6A /* EnsembleViewController.swift */ = {isa = PBXFileReference; fileEncoding = 4; lastKnownFileType = sourcecode.swift; path = EnsembleViewController.swift; sourceTree = "<group>"; };
		BD0BBA311D0E3A68006F7F6A /* VolumeBarView.swift */ = {isa = PBXFileReference; fileEncoding = 4; lastKnownFileType = sourcecode.swift; path = VolumeBarView.swift; sourceTree = "<group>"; };
		BD1BD0451CFCAACE00C804A4 /* Settings.bundle */ = {isa = PBXFileReference; lastKnownFileType = "wrapper.plug-in"; path = Settings.bundle; sourceTree = "<group>"; };
		BD1F14721CF4E98000E6B85F /* GeneralUser GS MuseScore v1.442.sf2 */ = {isa = PBXFileReference; lastKnownFileType = file; path = "GeneralUser GS MuseScore v1.442.sf2"; sourceTree = "<group>"; };
		BD1F14761CF582A400E6B85F /* IsAudioError.swift */ = {isa = PBXFileReference; fileEncoding = 4; lastKnownFileType = sourcecode.swift; path = IsAudioError.swift; sourceTree = "<group>"; };
		BD1F14781CF5CDA400E6B85F /* FluidR3_GM.sf2 */ = {isa = PBXFileReference; lastKnownFileType = file; path = FluidR3_GM.sf2; sourceTree = "<group>"; };
		BD1F14791CF5CDA400E6B85F /* FreeFont.sf2 */ = {isa = PBXFileReference; lastKnownFileType = file; path = FreeFont.sf2; sourceTree = "<group>"; };
		BD1F147A1CF5CDA400E6B85F /* RolandNicePiano.sf2 */ = {isa = PBXFileReference; lastKnownFileType = file; path = RolandNicePiano.sf2; sourceTree = "<group>"; };
		BD1F147E1CF5CF2900E6B85F /* SoundFont.swift */ = {isa = PBXFileReference; fileEncoding = 4; lastKnownFileType = sourcecode.swift; path = SoundFont.swift; sourceTree = "<group>"; };
		BD1F14801CF5D1AE00E6B85F /* Phrase.swift */ = {isa = PBXFileReference; fileEncoding = 4; lastKnownFileType = sourcecode.swift; path = Phrase.swift; sourceTree = "<group>"; };
		BD1F14841CF6445C00E6B85F /* Parameters.swift */ = {isa = PBXFileReference; fileEncoding = 4; lastKnownFileType = sourcecode.swift; path = Parameters.swift; sourceTree = "<group>"; };
		BD216F711D1374DC00436000 /* PhraseView.swift */ = {isa = PBXFileReference; fileEncoding = 4; lastKnownFileType = sourcecode.swift; path = PhraseView.swift; sourceTree = "<group>"; };
		BD216F731D13B3C400436000 /* SettingsViewController.swift */ = {isa = PBXFileReference; fileEncoding = 4; lastKnownFileType = sourcecode.swift; path = SettingsViewController.swift; sourceTree = "<group>"; };
		BD3E774D2107BBFE0051EEDC /* Player.swift */ = {isa = PBXFileReference; lastKnownFileType = sourcecode.swift; path = Player.swift; sourceTree = "<group>"; };
		BD3FB7B620E4FE35005CFBBF /* SessionsListViewController.swift */ = {isa = PBXFileReference; fileEncoding = 4; lastKnownFileType = sourcecode.swift; path = SessionsListViewController.swift; sourceTree = "<group>"; };
		BD3FB7B820E5004D005CFBBF /* SessionsTableViewCell.swift */ = {isa = PBXFileReference; fileEncoding = 4; lastKnownFileType = sourcecode.swift; path = SessionsTableViewCell.swift; sourceTree = "<group>"; };
		BD435E0B1D087844000ECC3C /* FluidR3_GM.swift */ = {isa = PBXFileReference; fileEncoding = 4; lastKnownFileType = sourcecode.swift; name = FluidR3_GM.swift; path = SwiftMIDI/SoundFonts/FluidR3_GM.swift; sourceTree = SOURCE_ROOT; };
		BD435E0C1D087844000ECC3C /* FreeFont.swift */ = {isa = PBXFileReference; fileEncoding = 4; lastKnownFileType = sourcecode.swift; name = FreeFont.swift; path = SwiftMIDI/SoundFonts/FreeFont.swift; sourceTree = SOURCE_ROOT; };
		BD435E0D1D087844000ECC3C /* GeneralUser GS MuseScore v1.442.swift */ = {isa = PBXFileReference; fileEncoding = 4; lastKnownFileType = sourcecode.swift; name = "GeneralUser GS MuseScore v1.442.swift"; path = "SwiftMIDI/SoundFonts/GeneralUser GS MuseScore v1.442.swift"; sourceTree = SOURCE_ROOT; };
		BD435E0E1D087844000ECC3C /* RolandNicePiano.swift */ = {isa = PBXFileReference; fileEncoding = 4; lastKnownFileType = sourcecode.swift; name = RolandNicePiano.swift; path = SwiftMIDI/SoundFonts/RolandNicePiano.swift; sourceTree = SOURCE_ROOT; };
		BD4DBD3C2111E917005DD658 /* InstrumentTests.swift */ = {isa = PBXFileReference; lastKnownFileType = sourcecode.swift; path = InstrumentTests.swift; sourceTree = "<group>"; };
		BD4DBD3E21121162005DD658 /* AudioControllerTests.swift */ = {isa = PBXFileReference; fileEncoding = 4; lastKnownFileType = sourcecode.swift; path = AudioControllerTests.swift; sourceTree = "<group>"; };
		BD6B4FF9215D474D00BC1345 /* catalog.py */ = {isa = PBXFileReference; fileEncoding = 4; lastKnownFileType = text.script.python; path = catalog.py; sourceTree = "<group>"; };
		BD6B4FFA215D474D00BC1345 /* FluidR3_GM.sh */ = {isa = PBXFileReference; fileEncoding = 4; lastKnownFileType = text.script.sh; path = FluidR3_GM.sh; sourceTree = "<group>"; };
		BD7C336B20FFBA960042B762 /* SoundFontTests.swift */ = {isa = PBXFileReference; fileEncoding = 4; lastKnownFileType = sourcecode.swift; path = SoundFontTests.swift; sourceTree = "<group>"; };
		BD7C336D20FFC88C0042B762 /* Note.swift */ = {isa = PBXFileReference; fileEncoding = 4; lastKnownFileType = sourcecode.swift; path = Note.swift; sourceTree = "<group>"; };
		BD7C336F20FFD9B40042B762 /* PhraseTests.swift */ = {isa = PBXFileReference; fileEncoding = 4; lastKnownFileType = sourcecode.swift; path = PhraseTests.swift; sourceTree = "<group>"; };
		BD8433DE1D024BC800BD835C /* InstrumentCell.swift */ = {isa = PBXFileReference; fileEncoding = 4; lastKnownFileType = sourcecode.swift; path = InstrumentCell.swift; sourceTree = "<group>"; };
		BDB0E35F210F24F5002492B5 /* CreateRecording.swift */ = {isa = PBXFileReference; lastKnownFileType = sourcecode.swift; path = CreateRecording.swift; sourceTree = "<group>"; };
		BDB0E363210F4FEF002492B5 /* ScratchPad.playground */ = {isa = PBXFileReference; lastKnownFileType = file.playground; path = ScratchPad.playground; sourceTree = "<group>"; xcLanguageSpecificationIdentifier = xcode.lang.swift; };
		BDB6C5A11CFD6C550095E9CA /* InstrumentEditorViewController.swift */ = {isa = PBXFileReference; fileEncoding = 4; lastKnownFileType = sourcecode.swift; path = InstrumentEditorViewController.swift; sourceTree = "<group>"; };
		BDC621BA211330CF0097AEC4 /* SwiftyTimer.swift */ = {isa = PBXFileReference; lastKnownFileType = sourcecode.swift; path = SwiftyTimer.swift; sourceTree = "<group>"; };
		BDD090211D1498F1005E03B6 /* SpriteKit.framework */ = {isa = PBXFileReference; lastKnownFileType = wrapper.framework; name = SpriteKit.framework; path = System/Library/Frameworks/SpriteKit.framework; sourceTree = SDKROOT; };
		BDDD0AD820F8BF2400AFB002 /* SwiftMIDI.framework */ = {isa = PBXFileReference; explicitFileType = wrapper.framework; includeInIndex = 0; path = SwiftMIDI.framework; sourceTree = BUILT_PRODUCTS_DIR; };
		BDDD0ADA20F8BF2400AFB002 /* SwiftMIDI.h */ = {isa = PBXFileReference; lastKnownFileType = sourcecode.c.h; path = SwiftMIDI.h; sourceTree = "<group>"; };
		BDDD0ADB20F8BF2400AFB002 /* Info.plist */ = {isa = PBXFileReference; lastKnownFileType = text.plist.xml; path = Info.plist; sourceTree = "<group>"; };
		BDDD0AE020F8BF2400AFB002 /* SwiftMIDITests.xctest */ = {isa = PBXFileReference; explicitFileType = wrapper.cfbundle; includeInIndex = 0; path = SwiftMIDITests.xctest; sourceTree = BUILT_PRODUCTS_DIR; };
		BDDD0AE720F8BF2400AFB002 /* NoteTests.swift */ = {isa = PBXFileReference; lastKnownFileType = sourcecode.swift; path = NoteTests.swift; sourceTree = "<group>"; };
		BDDD0AE920F8BF2400AFB002 /* Info.plist */ = {isa = PBXFileReference; lastKnownFileType = text.plist.xml; path = Info.plist; sourceTree = "<group>"; };
		BDDD0B2720F8D94400AFB002 /* MIDI Playing.playground */ = {isa = PBXFileReference; lastKnownFileType = file.playground; path = "MIDI Playing.playground"; sourceTree = SOURCE_ROOT; xcLanguageSpecificationIdentifier = xcode.lang.swift; };
		BDE166AC2101DB690097E5C4 /* Performance.swift */ = {isa = PBXFileReference; fileEncoding = 4; lastKnownFileType = sourcecode.swift; path = Performance.swift; sourceTree = "<group>"; };
		BDE166AE2101E1430097E5C4 /* Recording.swift */ = {isa = PBXFileReference; fileEncoding = 4; lastKnownFileType = sourcecode.swift; path = Recording.swift; sourceTree = "<group>"; };
		BDE166B0210254DC0097E5C4 /* Performance Generation.playground */ = {isa = PBXFileReference; lastKnownFileType = file.playground; path = "Performance Generation.playground"; sourceTree = "<group>"; xcLanguageSpecificationIdentifier = xcode.lang.swift; };
		BDFA66062102837000810712 /* Rando.swift */ = {isa = PBXFileReference; lastKnownFileType = sourcecode.swift; path = Rando.swift; sourceTree = "<group>"; };
		BDFA660821031FF800810712 /* RandoTests.swift */ = {isa = PBXFileReference; fileEncoding = 4; lastKnownFileType = sourcecode.swift; path = RandoTests.swift; sourceTree = "<group>"; };
		F100CD6C12FE8A2B6C574ABD /* Pods-SynthInC.release.xcconfig */ = {isa = PBXFileReference; includeInIndex = 1; lastKnownFileType = text.xcconfig; name = "Pods-SynthInC.release.xcconfig"; path = "Pods/Target Support Files/Pods-SynthInC/Pods-SynthInC.release.xcconfig"; sourceTree = "<group>"; };
/* End PBXFileReference section */

/* Begin PBXFrameworksBuildPhase section */
		B06746D319BF58F700DCF4E3 /* Frameworks */ = {
			isa = PBXFrameworksBuildPhase;
			buildActionMask = 2147483647;
			files = (
				BDDD0AED20F8BF2400AFB002 /* SwiftMIDI.framework in Frameworks */,
				BDD090221D1498F1005E03B6 /* SpriteKit.framework in Frameworks */,
				77158AAA67D7D68DD3044286 /* Pods_SynthInC.framework in Frameworks */,
			);
			runOnlyForDeploymentPostprocessing = 0;
		};
		B06746E519BF58F700DCF4E3 /* Frameworks */ = {
			isa = PBXFrameworksBuildPhase;
			buildActionMask = 2147483647;
			files = (
				D65AD46D1E7B021F45A55AB8 /* Pods_SynthInCTests.framework in Frameworks */,
			);
			runOnlyForDeploymentPostprocessing = 0;
		};
		BDDD0AD420F8BF2400AFB002 /* Frameworks */ = {
			isa = PBXFrameworksBuildPhase;
			buildActionMask = 2147483647;
			files = (
			);
			runOnlyForDeploymentPostprocessing = 0;
		};
		BDDD0ADD20F8BF2400AFB002 /* Frameworks */ = {
			isa = PBXFrameworksBuildPhase;
			buildActionMask = 2147483647;
			files = (
				BDDD0AE120F8BF2400AFB002 /* SwiftMIDI.framework in Frameworks */,
			);
			runOnlyForDeploymentPostprocessing = 0;
		};
/* End PBXFrameworksBuildPhase section */

/* Begin PBXGroup section */
		63BC163F983EDB3614E8EA74 /* Pods */ = {
			isa = PBXGroup;
			children = (
				23D94C2529DAE8B4167644DA /* Pods-SynthInC.debug.xcconfig */,
				F100CD6C12FE8A2B6C574ABD /* Pods-SynthInC.release.xcconfig */,
				0015E7ED2FDFCE1FCF4F64B7 /* Pods-SynthInCTests.debug.xcconfig */,
				796A0CFAAA66079C6C6D0A92 /* Pods-SynthInCTests.release.xcconfig */,
			);
			name = Pods;
			sourceTree = "<group>";
		};
		B06746CD19BF58F700DCF4E3 = {
			isa = PBXGroup;
			children = (
				B06746FE19BF673300DCF4E3 /* README.md */,
				BDD8B4B91D0039C200CC8698 /* Resources */,
				B06746D819BF58F700DCF4E3 /* Source */,
				B06746EB19BF58F700DCF4E3 /* Tests */,
				BDDD0B2820F8D95400AFB002 /* Playgrounds */,
				BDDD0AD920F8BF2400AFB002 /* SwiftMIDI */,
				BDDD0AE620F8BF2400AFB002 /* SwiftMIDITests */,
				BD1BD0371CF778BE00C804A4 /* Frameworks */,
				B06746D719BF58F700DCF4E3 /* Products */,
				63BC163F983EDB3614E8EA74 /* Pods */,
			);
			sourceTree = "<group>";
		};
		B06746D719BF58F700DCF4E3 /* Products */ = {
			isa = PBXGroup;
			children = (
				B06746D619BF58F700DCF4E3 /* SynthInC.app */,
				B06746E819BF58F700DCF4E3 /* SynthInC.xctest */,
				BDDD0AD820F8BF2400AFB002 /* SwiftMIDI.framework */,
				BDDD0AE020F8BF2400AFB002 /* SwiftMIDITests.xctest */,
			);
			name = Products;
			sourceTree = "<group>";
		};
		B06746D819BF58F700DCF4E3 /* Source */ = {
			isa = PBXGroup;
			children = (
				B06746DB19BF58F700DCF4E3 /* AppDelegate.swift */,
				BDD8B4BA1D0039F700CC8698 /* Layouts */,
				BD0757451D05FE8300595332 /* Controllers */,
				BDAEC4211D11CE7C00201498 /* Views */,
				BDB0E35E210F24B2002492B5 /* Tasks */,
				BD0757441D05FE6400595332 /* Utility */,
				B06746D919BF58F700DCF4E3 /* Supporting Files */,
			);
			name = Source;
			path = SynthInC;
			sourceTree = "<group>";
		};
		B06746D919BF58F700DCF4E3 /* Supporting Files */ = {
			isa = PBXGroup;
			children = (
				B06746DA19BF58F700DCF4E3 /* Info.plist */,
			);
			name = "Supporting Files";
			sourceTree = "<group>";
		};
		B06746EB19BF58F700DCF4E3 /* Tests */ = {
			isa = PBXGroup;
			children = (
				B06746EE19BF58F700DCF4E3 /* SynthInCTests.swift */,
				B06746EC19BF58F700DCF4E3 /* Supporting Files */,
			);
			name = Tests;
			path = SynthInCTests;
			sourceTree = "<group>";
		};
		B06746EC19BF58F700DCF4E3 /* Supporting Files */ = {
			isa = PBXGroup;
			children = (
				B06746ED19BF58F700DCF4E3 /* Info.plist */,
			);
			name = "Supporting Files";
			sourceTree = "<group>";
		};
		BD0757441D05FE6400595332 /* Utility */ = {
			isa = PBXGroup;
			children = (
				BD1F14841CF6445C00E6B85F /* Parameters.swift */,
				BDC621BA211330CF0097AEC4 /* SwiftyTimer.swift */,
			);
			name = Utility;
			sourceTree = "<group>";
		};
		BD0757451D05FE8300595332 /* Controllers */ = {
			isa = PBXGroup;
			children = (
				BD0BBA2F1D0E2C42006F7F6A /* EnsembleViewController.swift */,
				BDB6C5A11CFD6C550095E9CA /* InstrumentEditorViewController.swift */,
				BD3FB7B620E4FE35005CFBBF /* SessionsListViewController.swift */,
				BD216F731D13B3C400436000 /* SettingsViewController.swift */,
			);
			name = Controllers;
			sourceTree = "<group>";
		};
		BD1BD0371CF778BE00C804A4 /* Frameworks */ = {
			isa = PBXGroup;
			children = (
				BDD090211D1498F1005E03B6 /* SpriteKit.framework */,
				0655A70EAE5D977FFC3B7334 /* Pods_SynthInC.framework */,
				643BD2A6E0910D35ADA101A5 /* Pods_SynthInCTests.framework */,
			);
			name = Frameworks;
			sourceTree = "<group>";
		};
		BD4957261D1135A1000324ED /* SoundFonts */ = {
			isa = PBXGroup;
			children = (
				BD6B4FF9215D474D00BC1345 /* catalog.py */,
				BD6B4FFA215D474D00BC1345 /* FluidR3_GM.sh */,
				BD1F14721CF4E98000E6B85F /* GeneralUser GS MuseScore v1.442.sf2 */,
				BD1F14781CF5CDA400E6B85F /* FluidR3_GM.sf2 */,
				BD1F14791CF5CDA400E6B85F /* FreeFont.sf2 */,
				BD1F147A1CF5CDA400E6B85F /* RolandNicePiano.sf2 */,
				BD435E0B1D087844000ECC3C /* FluidR3_GM.swift */,
				BD435E0C1D087844000ECC3C /* FreeFont.swift */,
				BD435E0D1D087844000ECC3C /* GeneralUser GS MuseScore v1.442.swift */,
				BD435E0E1D087844000ECC3C /* RolandNicePiano.swift */,
			);
			path = SoundFonts;
			sourceTree = "<group>";
		};
		BDAEC4211D11CE7C00201498 /* Views */ = {
			isa = PBXGroup;
			children = (
				BD8433DE1D024BC800BD835C /* InstrumentCell.swift */,
				BD3FB7B820E5004D005CFBBF /* SessionsTableViewCell.swift */,
				BD216F711D1374DC00436000 /* PhraseView.swift */,
				BD0BBA311D0E3A68006F7F6A /* VolumeBarView.swift */,
			);
			name = Views;
			sourceTree = "<group>";
		};
		BDB0E35E210F24B2002492B5 /* Tasks */ = {
			isa = PBXGroup;
			children = (
				BDB0E35F210F24F5002492B5 /* CreateRecording.swift */,
			);
			path = Tasks;
			sourceTree = "<group>";
		};
		BDD8B4B91D0039C200CC8698 /* Resources */ = {
			isa = PBXGroup;
			children = (
				B06746E219BF58F700DCF4E3 /* Images.xcassets */,
				BD1BD0451CFCAACE00C804A4 /* Settings.bundle */,
			);
			name = Resources;
			sourceTree = "<group>";
		};
		BDD8B4BA1D0039F700CC8698 /* Layouts */ = {
			isa = PBXGroup;
			children = (
				B06746DF19BF58F700DCF4E3 /* Main.storyboard */,
				B01161BE1B149C2A005A90F7 /* Launch Screen.xib */,
			);
			name = Layouts;
			sourceTree = "<group>";
		};
		BDDD0AD920F8BF2400AFB002 /* SwiftMIDI */ = {
			isa = PBXGroup;
			children = (
				BD4957261D1135A1000324ED /* SoundFonts */,
				B06746F819BF591200DCF4E3 /* AudioController.swift */,
				BD0757411D05FAD200595332 /* Instrument.swift */,
				BD1F14761CF582A400E6B85F /* IsAudioError.swift */,
				BD7C336D20FFC88C0042B762 /* Note.swift */,
				BDE166AC2101DB690097E5C4 /* Performance.swift */,
				BD1F14801CF5D1AE00E6B85F /* Phrase.swift */,
				BD3E774D2107BBFE0051EEDC /* Player.swift */,
				BDFA66062102837000810712 /* Rando.swift */,
				BDE166AE2101E1430097E5C4 /* Recording.swift */,
				BD1F147E1CF5CF2900E6B85F /* SoundFont.swift */,
				BDDD0ADA20F8BF2400AFB002 /* SwiftMIDI.h */,
				BD07573F1D05FA7D00595332 /* Utils.swift */,
				BDDD0ADB20F8BF2400AFB002 /* Info.plist */,
			);
			path = SwiftMIDI;
			sourceTree = "<group>";
		};
		BDDD0AE620F8BF2400AFB002 /* SwiftMIDITests */ = {
			isa = PBXGroup;
			children = (
				BD4DBD3E21121162005DD658 /* AudioControllerTests.swift */,
				BD4DBD3C2111E917005DD658 /* InstrumentTests.swift */,
				BDDD0AE720F8BF2400AFB002 /* NoteTests.swift */,
				BD7C336F20FFD9B40042B762 /* PhraseTests.swift */,
				BDFA660821031FF800810712 /* RandoTests.swift */,
				BD7C336B20FFBA960042B762 /* SoundFontTests.swift */,
				BDDD0AE920F8BF2400AFB002 /* Info.plist */,
			);
			path = SwiftMIDITests;
			sourceTree = "<group>";
		};
		BDDD0B2820F8D95400AFB002 /* Playgrounds */ = {
			isa = PBXGroup;
			children = (
				BDB0E363210F4FEF002492B5 /* ScratchPad.playground */,
				BDE166B0210254DC0097E5C4 /* Performance Generation.playground */,
				BDDD0B2720F8D94400AFB002 /* MIDI Playing.playground */,
			);
			name = Playgrounds;
			sourceTree = "<group>";
		};
/* End PBXGroup section */

/* Begin PBXHeadersBuildPhase section */
		BDDD0AD520F8BF2400AFB002 /* Headers */ = {
			isa = PBXHeadersBuildPhase;
			buildActionMask = 2147483647;
			files = (
				BDDD0AEA20F8BF2400AFB002 /* SwiftMIDI.h in Headers */,
			);
			runOnlyForDeploymentPostprocessing = 0;
		};
/* End PBXHeadersBuildPhase section */

/* Begin PBXNativeTarget section */
		B06746D519BF58F700DCF4E3 /* SynthInC */ = {
			isa = PBXNativeTarget;
			buildConfigurationList = B06746F219BF58F700DCF4E3 /* Build configuration list for PBXNativeTarget "SynthInC" */;
			buildPhases = (
				79AC42AB39AD0EBDCF59566B /* [CP] Check Pods Manifest.lock */,
				B06746D219BF58F700DCF4E3 /* Sources */,
				B06746D319BF58F700DCF4E3 /* Frameworks */,
				B06746D419BF58F700DCF4E3 /* Resources */,
				B70E982E18BDCBE1D68361ED /* [CP] Embed Pods Frameworks */,
				BDDD0AF220F8BF2400AFB002 /* Embed Frameworks */,
			);
			buildRules = (
			);
			dependencies = (
				BDDD0AEC20F8BF2400AFB002 /* PBXTargetDependency */,
			);
			name = SynthInC;
			productName = SynthInC;
			productReference = B06746D619BF58F700DCF4E3 /* SynthInC.app */;
			productType = "com.apple.product-type.application";
		};
		B06746E719BF58F700DCF4E3 /* SynthInCTests */ = {
			isa = PBXNativeTarget;
			buildConfigurationList = B06746F519BF58F700DCF4E3 /* Build configuration list for PBXNativeTarget "SynthInCTests" */;
			buildPhases = (
				C788E01EA85137A05F9CDEFD /* [CP] Check Pods Manifest.lock */,
				B06746E419BF58F700DCF4E3 /* Sources */,
				B06746E519BF58F700DCF4E3 /* Frameworks */,
				B06746E619BF58F700DCF4E3 /* Resources */,
			);
			buildRules = (
			);
			dependencies = (
				B06746EA19BF58F700DCF4E3 /* PBXTargetDependency */,
			);
			name = SynthInCTests;
			productName = SynthInCTests;
			productReference = B06746E819BF58F700DCF4E3 /* SynthInC.xctest */;
			productType = "com.apple.product-type.bundle.unit-test";
		};
		BDDD0AD720F8BF2400AFB002 /* SwiftMIDI */ = {
			isa = PBXNativeTarget;
			buildConfigurationList = BDDD0AEF20F8BF2400AFB002 /* Build configuration list for PBXNativeTarget "SwiftMIDI" */;
			buildPhases = (
				BDDD0AD320F8BF2400AFB002 /* Sources */,
				BDDD0AD420F8BF2400AFB002 /* Frameworks */,
				BDDD0AD520F8BF2400AFB002 /* Headers */,
				BDDD0AD620F8BF2400AFB002 /* Resources */,
			);
			buildRules = (
			);
			dependencies = (
			);
			name = SwiftMIDI;
			productName = SwiftMIDI;
			productReference = BDDD0AD820F8BF2400AFB002 /* SwiftMIDI.framework */;
			productType = "com.apple.product-type.framework";
		};
		BDDD0ADF20F8BF2400AFB002 /* SwiftMIDITests */ = {
			isa = PBXNativeTarget;
			buildConfigurationList = BDDD0AF320F8BF2400AFB002 /* Build configuration list for PBXNativeTarget "SwiftMIDITests" */;
			buildPhases = (
				BDDD0ADC20F8BF2400AFB002 /* Sources */,
				BDDD0ADD20F8BF2400AFB002 /* Frameworks */,
				BDDD0ADE20F8BF2400AFB002 /* Resources */,
			);
			buildRules = (
			);
			dependencies = (
				BDDD0AE320F8BF2400AFB002 /* PBXTargetDependency */,
				BDDD0AE520F8BF2400AFB002 /* PBXTargetDependency */,
			);
			name = SwiftMIDITests;
			productName = SwiftMIDITests;
			productReference = BDDD0AE020F8BF2400AFB002 /* SwiftMIDITests.xctest */;
			productType = "com.apple.product-type.bundle.unit-test";
		};
/* End PBXNativeTarget section */

/* Begin PBXProject section */
		B06746CE19BF58F700DCF4E3 /* Project object */ = {
			isa = PBXProject;
			attributes = {
				LastSwiftMigration = 0700;
				LastSwiftUpdateCheck = 0940;
				LastUpgradeCheck = 1000;
				ORGANIZATIONNAME = "Brad Howes";
				TargetAttributes = {
					B06746D519BF58F700DCF4E3 = {
						CreatedOnToolsVersion = 6.0;
						LastSwiftMigration = 1000;
						SystemCapabilities = {
							com.apple.BackgroundModes = {
								enabled = 1;
							};
							com.apple.GameCenter = {
								enabled = 0;
							};
						};
					};
					B06746E719BF58F700DCF4E3 = {
						CreatedOnToolsVersion = 6.0;
						LastSwiftMigration = 1000;
						TestTargetID = B06746D519BF58F700DCF4E3;
					};
					BDDD0AD720F8BF2400AFB002 = {
						CreatedOnToolsVersion = 9.4.1;
						LastSwiftMigration = 1000;
						ProvisioningStyle = Automatic;
					};
					BDDD0ADF20F8BF2400AFB002 = {
						CreatedOnToolsVersion = 9.4.1;
						LastSwiftMigration = 1000;
						ProvisioningStyle = Automatic;
						TestTargetID = B06746D519BF58F700DCF4E3;
					};
				};
			};
			buildConfigurationList = B06746D119BF58F700DCF4E3 /* Build configuration list for PBXProject "SynthInC" */;
			compatibilityVersion = "Xcode 8.0";
			developmentRegion = English;
			hasScannedForEncodings = 0;
			knownRegions = (
				en,
				Base,
			);
			mainGroup = B06746CD19BF58F700DCF4E3;
			productRefGroup = B06746D719BF58F700DCF4E3 /* Products */;
			projectDirPath = "";
			projectRoot = "";
			targets = (
				B06746D519BF58F700DCF4E3 /* SynthInC */,
				B06746E719BF58F700DCF4E3 /* SynthInCTests */,
				BDDD0AD720F8BF2400AFB002 /* SwiftMIDI */,
				BDDD0ADF20F8BF2400AFB002 /* SwiftMIDITests */,
			);
		};
/* End PBXProject section */

/* Begin PBXResourcesBuildPhase section */
		B06746D419BF58F700DCF4E3 /* Resources */ = {
			isa = PBXResourcesBuildPhase;
			buildActionMask = 2147483647;
			files = (
				B01161BF1B149C2A005A90F7 /* Launch Screen.xib in Resources */,
				B06746E119BF58F700DCF4E3 /* Main.storyboard in Resources */,
				BD1BD0461CFCAACE00C804A4 /* Settings.bundle in Resources */,
				B06746E319BF58F700DCF4E3 /* Images.xcassets in Resources */,
			);
			runOnlyForDeploymentPostprocessing = 0;
		};
		B06746E619BF58F700DCF4E3 /* Resources */ = {
			isa = PBXResourcesBuildPhase;
			buildActionMask = 2147483647;
			files = (
			);
			runOnlyForDeploymentPostprocessing = 0;
		};
		BDDD0AD620F8BF2400AFB002 /* Resources */ = {
			isa = PBXResourcesBuildPhase;
			buildActionMask = 2147483647;
			files = (
				BDDD0B2920F9131D00AFB002 /* GeneralUser GS MuseScore v1.442.sf2 in Resources */,
				BDDD0B2A20F9132500AFB002 /* FluidR3_GM.sf2 in Resources */,
				BD6B4FFC215D474D00BC1345 /* FluidR3_GM.sh in Resources */,
				BDDD0B2C20F9132500AFB002 /* RolandNicePiano.sf2 in Resources */,
				BD6B4FFB215D474D00BC1345 /* catalog.py in Resources */,
				BDDD0B2B20F9132500AFB002 /* FreeFont.sf2 in Resources */,
			);
			runOnlyForDeploymentPostprocessing = 0;
		};
		BDDD0ADE20F8BF2400AFB002 /* Resources */ = {
			isa = PBXResourcesBuildPhase;
			buildActionMask = 2147483647;
			files = (
			);
			runOnlyForDeploymentPostprocessing = 0;
		};
/* End PBXResourcesBuildPhase section */

/* Begin PBXShellScriptBuildPhase section */
		79AC42AB39AD0EBDCF59566B /* [CP] Check Pods Manifest.lock */ = {
			isa = PBXShellScriptBuildPhase;
			buildActionMask = 2147483647;
			files = (
			);
			inputPaths = (
				"${PODS_PODFILE_DIR_PATH}/Podfile.lock",
				"${PODS_ROOT}/Manifest.lock",
			);
			name = "[CP] Check Pods Manifest.lock";
			outputPaths = (
				"$(DERIVED_FILE_DIR)/Pods-SynthInC-checkManifestLockResult.txt",
			);
			runOnlyForDeploymentPostprocessing = 0;
			shellPath = /bin/sh;
			shellScript = "diff \"${PODS_PODFILE_DIR_PATH}/Podfile.lock\" \"${PODS_ROOT}/Manifest.lock\" > /dev/null\nif [ $? != 0 ] ; then\n    # print error to STDERR\n    echo \"error: The sandbox is not in sync with the Podfile.lock. Run 'pod install' or update your CocoaPods installation.\" >&2\n    exit 1\nfi\n# This output is used by Xcode 'outputs' to avoid re-running this script phase.\necho \"SUCCESS\" > \"${SCRIPT_OUTPUT_FILE_0}\"\n";
			showEnvVarsInLog = 0;
		};
		B70E982E18BDCBE1D68361ED /* [CP] Embed Pods Frameworks */ = {
			isa = PBXShellScriptBuildPhase;
			buildActionMask = 2147483647;
			files = (
			);
			inputPaths = (
				"${SRCROOT}/Pods/Target Support Files/Pods-SynthInC/Pods-SynthInC-frameworks.sh",
				"${BUILT_PRODUCTS_DIR}/ASValueTrackingSlider/ASValueTrackingSlider.framework",
				"${BUILT_PRODUCTS_DIR}/InAppSettingsKit/InAppSettingsKit.framework",
				"${BUILT_PRODUCTS_DIR}/SwiftyUserDefaults/SwiftyUserDefaults.framework",
			);
			name = "[CP] Embed Pods Frameworks";
			outputPaths = (
				"${TARGET_BUILD_DIR}/${FRAMEWORKS_FOLDER_PATH}/ASValueTrackingSlider.framework",
				"${TARGET_BUILD_DIR}/${FRAMEWORKS_FOLDER_PATH}/InAppSettingsKit.framework",
				"${TARGET_BUILD_DIR}/${FRAMEWORKS_FOLDER_PATH}/SwiftyUserDefaults.framework",
			);
			runOnlyForDeploymentPostprocessing = 0;
			shellPath = /bin/sh;
			shellScript = "\"${SRCROOT}/Pods/Target Support Files/Pods-SynthInC/Pods-SynthInC-frameworks.sh\"\n";
			showEnvVarsInLog = 0;
		};
		C788E01EA85137A05F9CDEFD /* [CP] Check Pods Manifest.lock */ = {
			isa = PBXShellScriptBuildPhase;
			buildActionMask = 2147483647;
			files = (
			);
			inputPaths = (
				"${PODS_PODFILE_DIR_PATH}/Podfile.lock",
				"${PODS_ROOT}/Manifest.lock",
			);
			name = "[CP] Check Pods Manifest.lock";
			outputPaths = (
				"$(DERIVED_FILE_DIR)/Pods-SynthInCTests-checkManifestLockResult.txt",
			);
			runOnlyForDeploymentPostprocessing = 0;
			shellPath = /bin/sh;
			shellScript = "diff \"${PODS_PODFILE_DIR_PATH}/Podfile.lock\" \"${PODS_ROOT}/Manifest.lock\" > /dev/null\nif [ $? != 0 ] ; then\n    # print error to STDERR\n    echo \"error: The sandbox is not in sync with the Podfile.lock. Run 'pod install' or update your CocoaPods installation.\" >&2\n    exit 1\nfi\n# This output is used by Xcode 'outputs' to avoid re-running this script phase.\necho \"SUCCESS\" > \"${SCRIPT_OUTPUT_FILE_0}\"\n";
			showEnvVarsInLog = 0;
		};
/* End PBXShellScriptBuildPhase section */

/* Begin PBXSourcesBuildPhase section */
		B06746D219BF58F700DCF4E3 /* Sources */ = {
			isa = PBXSourcesBuildPhase;
			buildActionMask = 2147483647;
			files = (
				BD0BBA301D0E2C42006F7F6A /* EnsembleViewController.swift in Sources */,
				BD216F741D13B3C400436000 /* SettingsViewController.swift in Sources */,
				BDB6C5A21CFD6C550095E9CA /* InstrumentEditorViewController.swift in Sources */,
				BDC621BB211330CF0097AEC4 /* SwiftyTimer.swift in Sources */,
				BD216F721D1374DC00436000 /* PhraseView.swift in Sources */,
				BD8433DF1D024BC800BD835C /* InstrumentCell.swift in Sources */,
				BD0BBA321D0E3A68006F7F6A /* VolumeBarView.swift in Sources */,
				BD3FB7B720E4FE35005CFBBF /* SessionsListViewController.swift in Sources */,
				B06746DC19BF58F700DCF4E3 /* AppDelegate.swift in Sources */,
				BDB0E360210F24F5002492B5 /* CreateRecording.swift in Sources */,
				BD3FB7B920E5004D005CFBBF /* SessionsTableViewCell.swift in Sources */,
				BD1F14851CF6445C00E6B85F /* Parameters.swift in Sources */,
			);
			runOnlyForDeploymentPostprocessing = 0;
		};
		B06746E419BF58F700DCF4E3 /* Sources */ = {
			isa = PBXSourcesBuildPhase;
			buildActionMask = 2147483647;
			files = (
				B06746EF19BF58F700DCF4E3 /* SynthInCTests.swift in Sources */,
			);
			runOnlyForDeploymentPostprocessing = 0;
		};
		BDDD0AD320F8BF2400AFB002 /* Sources */ = {
			isa = PBXSourcesBuildPhase;
			buildActionMask = 2147483647;
			files = (
				BDDD0AF720F8BF9B00AFB002 /* Instrument.swift in Sources */,
				BDDD0AF820F8BF9B00AFB002 /* AudioController.swift in Sources */,
				BDDD0B2420F8C17B00AFB002 /* Utils.swift in Sources */,
				BDDD0AFE20F8BFCF00AFB002 /* FluidR3_GM.swift in Sources */,
				BDDD0AF920F8BF9B00AFB002 /* Phrase.swift in Sources */,
				BDDD0AFF20F8BFCF00AFB002 /* FreeFont.swift in Sources */,
				BDE166AD2101DB690097E5C4 /* Performance.swift in Sources */,
				BDDD0B0020F8BFCF00AFB002 /* GeneralUser GS MuseScore v1.442.swift in Sources */,
				BD7C336E20FFC88C0042B762 /* Note.swift in Sources */,
				BDDD0B0120F8BFCF00AFB002 /* RolandNicePiano.swift in Sources */,
				BDDD0AF620F8BF9B00AFB002 /* SoundFont.swift in Sources */,
				BDDD0B2620F8C1BC00AFB002 /* IsAudioError.swift in Sources */,
				BDFA66072102837000810712 /* Rando.swift in Sources */,
				BD3E774E2107BBFE0051EEDC /* Player.swift in Sources */,
				BDE166AF2101E1430097E5C4 /* Recording.swift in Sources */,
			);
			runOnlyForDeploymentPostprocessing = 0;
		};
		BDDD0ADC20F8BF2400AFB002 /* Sources */ = {
			isa = PBXSourcesBuildPhase;
			buildActionMask = 2147483647;
			files = (
				BD7C336C20FFBA960042B762 /* SoundFontTests.swift in Sources */,
				BD7C337020FFD9B40042B762 /* PhraseTests.swift in Sources */,
				BD4DBD3F21121162005DD658 /* AudioControllerTests.swift in Sources */,
				BDFA660921031FF800810712 /* RandoTests.swift in Sources */,
				BDDD0AE820F8BF2400AFB002 /* NoteTests.swift in Sources */,
				BD4DBD3D2111E917005DD658 /* InstrumentTests.swift in Sources */,
			);
			runOnlyForDeploymentPostprocessing = 0;
		};
/* End PBXSourcesBuildPhase section */

/* Begin PBXTargetDependency section */
		B06746EA19BF58F700DCF4E3 /* PBXTargetDependency */ = {
			isa = PBXTargetDependency;
			target = B06746D519BF58F700DCF4E3 /* SynthInC */;
			targetProxy = BDD8B4BB1D003BEC00CC8698 /* PBXContainerItemProxy */;
		};
		BDDD0AE320F8BF2400AFB002 /* PBXTargetDependency */ = {
			isa = PBXTargetDependency;
			target = BDDD0AD720F8BF2400AFB002 /* SwiftMIDI */;
			targetProxy = BDDD0AE220F8BF2400AFB002 /* PBXContainerItemProxy */;
		};
		BDDD0AE520F8BF2400AFB002 /* PBXTargetDependency */ = {
			isa = PBXTargetDependency;
			target = B06746D519BF58F700DCF4E3 /* SynthInC */;
			targetProxy = BDDD0AE420F8BF2400AFB002 /* PBXContainerItemProxy */;
		};
		BDDD0AEC20F8BF2400AFB002 /* PBXTargetDependency */ = {
			isa = PBXTargetDependency;
			target = BDDD0AD720F8BF2400AFB002 /* SwiftMIDI */;
			targetProxy = BDDD0AEB20F8BF2400AFB002 /* PBXContainerItemProxy */;
		};
/* End PBXTargetDependency section */

/* Begin PBXVariantGroup section */
		B06746DF19BF58F700DCF4E3 /* Main.storyboard */ = {
			isa = PBXVariantGroup;
			children = (
				B06746E019BF58F700DCF4E3 /* Base */,
			);
			name = Main.storyboard;
			sourceTree = "<group>";
		};
/* End PBXVariantGroup section */

/* Begin XCBuildConfiguration section */
		B06746F019BF58F700DCF4E3 /* Debug */ = {
			isa = XCBuildConfiguration;
			buildSettings = {
				ALWAYS_EMBED_SWIFT_STANDARD_LIBRARIES = YES;
				ALWAYS_SEARCH_USER_PATHS = NO;
				CLANG_CXX_LANGUAGE_STANDARD = "gnu++0x";
				CLANG_CXX_LIBRARY = "libc++";
				CLANG_ENABLE_MODULES = YES;
				CLANG_ENABLE_OBJC_ARC = YES;
				CLANG_WARN_BLOCK_CAPTURE_AUTORELEASING = YES;
				CLANG_WARN_BOOL_CONVERSION = YES;
				CLANG_WARN_COMMA = YES;
				CLANG_WARN_CONSTANT_CONVERSION = YES;
				CLANG_WARN_DEPRECATED_OBJC_IMPLEMENTATIONS = YES;
				CLANG_WARN_DIRECT_OBJC_ISA_USAGE = YES_ERROR;
				CLANG_WARN_EMPTY_BODY = YES;
				CLANG_WARN_ENUM_CONVERSION = YES;
				CLANG_WARN_INFINITE_RECURSION = YES;
				CLANG_WARN_INT_CONVERSION = YES;
				CLANG_WARN_NON_LITERAL_NULL_CONVERSION = YES;
				CLANG_WARN_OBJC_IMPLICIT_RETAIN_SELF = YES;
				CLANG_WARN_OBJC_LITERAL_CONVERSION = YES;
				CLANG_WARN_OBJC_ROOT_CLASS = YES_ERROR;
				CLANG_WARN_RANGE_LOOP_ANALYSIS = YES;
				CLANG_WARN_STRICT_PROTOTYPES = YES;
				CLANG_WARN_SUSPICIOUS_MOVE = YES;
				CLANG_WARN_UNREACHABLE_CODE = YES;
				CLANG_WARN__DUPLICATE_METHOD_MATCH = YES;
				"CODE_SIGN_IDENTITY[sdk=iphoneos*]" = "iPhone Developer";
				COPY_PHASE_STRIP = NO;
				ENABLE_STRICT_OBJC_MSGSEND = YES;
				ENABLE_TESTABILITY = YES;
				GCC_C_LANGUAGE_STANDARD = gnu99;
				GCC_DYNAMIC_NO_PIC = NO;
				GCC_NO_COMMON_BLOCKS = YES;
				GCC_OPTIMIZATION_LEVEL = 0;
				GCC_PREPROCESSOR_DEFINITIONS = (
					"DEBUG=1",
					"$(inherited)",
				);
				GCC_SYMBOLS_PRIVATE_EXTERN = NO;
				GCC_WARN_64_TO_32_BIT_CONVERSION = YES;
				GCC_WARN_ABOUT_RETURN_TYPE = YES_ERROR;
				GCC_WARN_UNDECLARED_SELECTOR = YES;
				GCC_WARN_UNINITIALIZED_AUTOS = YES_AGGRESSIVE;
				GCC_WARN_UNUSED_FUNCTION = YES;
				GCC_WARN_UNUSED_VARIABLE = YES;
				IPHONEOS_DEPLOYMENT_TARGET = 11.4;
				MTL_ENABLE_DEBUG_INFO = YES;
				ONLY_ACTIVE_ARCH = YES;
				SDKROOT = iphoneos;
				SWIFT_INSTALL_OBJC_HEADER = YES;
				SWIFT_OPTIMIZATION_LEVEL = "-Onone";
				SWIFT_SWIFT3_OBJC_INFERENCE = Off;
				SWIFT_VERSION = 4.2;
				TARGETED_DEVICE_FAMILY = "1,2";
			};
			name = Debug;
		};
		B06746F119BF58F700DCF4E3 /* Release */ = {
			isa = XCBuildConfiguration;
			buildSettings = {
				ALWAYS_EMBED_SWIFT_STANDARD_LIBRARIES = YES;
				ALWAYS_SEARCH_USER_PATHS = NO;
				CLANG_CXX_LANGUAGE_STANDARD = "gnu++0x";
				CLANG_CXX_LIBRARY = "libc++";
				CLANG_ENABLE_MODULES = YES;
				CLANG_ENABLE_OBJC_ARC = YES;
				CLANG_WARN_BLOCK_CAPTURE_AUTORELEASING = YES;
				CLANG_WARN_BOOL_CONVERSION = YES;
				CLANG_WARN_COMMA = YES;
				CLANG_WARN_CONSTANT_CONVERSION = YES;
				CLANG_WARN_DEPRECATED_OBJC_IMPLEMENTATIONS = YES;
				CLANG_WARN_DIRECT_OBJC_ISA_USAGE = YES_ERROR;
				CLANG_WARN_EMPTY_BODY = YES;
				CLANG_WARN_ENUM_CONVERSION = YES;
				CLANG_WARN_INFINITE_RECURSION = YES;
				CLANG_WARN_INT_CONVERSION = YES;
				CLANG_WARN_NON_LITERAL_NULL_CONVERSION = YES;
				CLANG_WARN_OBJC_IMPLICIT_RETAIN_SELF = YES;
				CLANG_WARN_OBJC_LITERAL_CONVERSION = YES;
				CLANG_WARN_OBJC_ROOT_CLASS = YES_ERROR;
				CLANG_WARN_RANGE_LOOP_ANALYSIS = YES;
				CLANG_WARN_STRICT_PROTOTYPES = YES;
				CLANG_WARN_SUSPICIOUS_MOVE = YES;
				CLANG_WARN_UNREACHABLE_CODE = YES;
				CLANG_WARN__DUPLICATE_METHOD_MATCH = YES;
				"CODE_SIGN_IDENTITY[sdk=iphoneos*]" = "iPhone Developer";
				COPY_PHASE_STRIP = YES;
				ENABLE_NS_ASSERTIONS = NO;
				ENABLE_STRICT_OBJC_MSGSEND = YES;
				GCC_C_LANGUAGE_STANDARD = gnu99;
				GCC_NO_COMMON_BLOCKS = YES;
				GCC_WARN_64_TO_32_BIT_CONVERSION = YES;
				GCC_WARN_ABOUT_RETURN_TYPE = YES_ERROR;
				GCC_WARN_UNDECLARED_SELECTOR = YES;
				GCC_WARN_UNINITIALIZED_AUTOS = YES_AGGRESSIVE;
				GCC_WARN_UNUSED_FUNCTION = YES;
				GCC_WARN_UNUSED_VARIABLE = YES;
				IPHONEOS_DEPLOYMENT_TARGET = 11.4;
				MTL_ENABLE_DEBUG_INFO = NO;
				SDKROOT = iphoneos;
				SWIFT_INSTALL_OBJC_HEADER = YES;
				SWIFT_OPTIMIZATION_LEVEL = "-Owholemodule";
				SWIFT_SWIFT3_OBJC_INFERENCE = Off;
				SWIFT_VERSION = 4.2;
				TARGETED_DEVICE_FAMILY = "1,2";
				VALIDATE_PRODUCT = YES;
			};
			name = Release;
		};
		B06746F319BF58F700DCF4E3 /* Debug */ = {
			isa = XCBuildConfiguration;
			baseConfigurationReference = 23D94C2529DAE8B4167644DA /* Pods-SynthInC.debug.xcconfig */;
			buildSettings = {
				ALWAYS_EMBED_SWIFT_STANDARD_LIBRARIES = YES;
				ASSETCATALOG_COMPILER_APPICON_NAME = AppIcon;
				ASSETCATALOG_COMPILER_LAUNCHIMAGE_NAME = LaunchImage;
				CLANG_ENABLE_MODULES = YES;
				CODE_SIGN_IDENTITY = "iPhone Developer";
				"CODE_SIGN_IDENTITY[sdk=iphoneos*]" = "iPhone Developer";
				DEVELOPMENT_TEAM = Z7R62JH5A8;
				INFOPLIST_FILE = SynthInC/Info.plist;
				LD_RUNPATH_SEARCH_PATHS = "$(inherited) @executable_path/Frameworks";
				PRODUCT_BUNDLE_IDENTIFIER = com.brhcode.SynthInC;
				PRODUCT_NAME = SynthInC;
				PROVISIONING_PROFILE = "";
				SWIFT_OPTIMIZATION_LEVEL = "-Onone";
				SWIFT_SWIFT3_OBJC_INFERENCE = Default;
				SWIFT_VERSION = 4.2;
			};
			name = Debug;
		};
		B06746F419BF58F700DCF4E3 /* Release */ = {
			isa = XCBuildConfiguration;
			baseConfigurationReference = F100CD6C12FE8A2B6C574ABD /* Pods-SynthInC.release.xcconfig */;
			buildSettings = {
				ALWAYS_EMBED_SWIFT_STANDARD_LIBRARIES = YES;
				ASSETCATALOG_COMPILER_APPICON_NAME = AppIcon;
				ASSETCATALOG_COMPILER_LAUNCHIMAGE_NAME = LaunchImage;
				CLANG_ENABLE_MODULES = YES;
				CODE_SIGN_IDENTITY = "iPhone Developer";
				"CODE_SIGN_IDENTITY[sdk=iphoneos*]" = "iPhone Developer";
				DEVELOPMENT_TEAM = Z7R62JH5A8;
				INFOPLIST_FILE = SynthInC/Info.plist;
				LD_RUNPATH_SEARCH_PATHS = "$(inherited) @executable_path/Frameworks";
				PRODUCT_BUNDLE_IDENTIFIER = com.brhcode.SynthInC;
				PRODUCT_NAME = SynthInC;
				PROVISIONING_PROFILE = "";
				SWIFT_SWIFT3_OBJC_INFERENCE = Default;
				SWIFT_VERSION = 4.2;
			};
			name = Release;
		};
		B06746F619BF58F700DCF4E3 /* Debug */ = {
			isa = XCBuildConfiguration;
			baseConfigurationReference = 0015E7ED2FDFCE1FCF4F64B7 /* Pods-SynthInCTests.debug.xcconfig */;
			buildSettings = {
				BUNDLE_LOADER = "$(TEST_HOST)";
				FRAMEWORK_SEARCH_PATHS = (
					"$(SDKROOT)/Developer/Library/Frameworks",
					"$(inherited)",
				);
				GCC_PREPROCESSOR_DEFINITIONS = (
					"DEBUG=1",
					"$(inherited)",
				);
				INFOPLIST_FILE = SynthInCTests/Info.plist;
				LD_RUNPATH_SEARCH_PATHS = "$(inherited) @executable_path/Frameworks @loader_path/Frameworks";
				PRODUCT_BUNDLE_IDENTIFIER = "com.rockhoppertech.$(PRODUCT_NAME:rfc1034identifier)";
				PRODUCT_NAME = SynthInC;
				SWIFT_SWIFT3_OBJC_INFERENCE = Off;
				SWIFT_VERSION = 4.2;
				TEST_HOST = "$(BUILT_PRODUCTS_DIR)/SynthInC.app/SynthInC";
			};
			name = Debug;
		};
		B06746F719BF58F700DCF4E3 /* Release */ = {
			isa = XCBuildConfiguration;
			baseConfigurationReference = 796A0CFAAA66079C6C6D0A92 /* Pods-SynthInCTests.release.xcconfig */;
			buildSettings = {
				BUNDLE_LOADER = "$(TEST_HOST)";
				FRAMEWORK_SEARCH_PATHS = (
					"$(SDKROOT)/Developer/Library/Frameworks",
					"$(inherited)",
				);
				INFOPLIST_FILE = SynthInCTests/Info.plist;
				LD_RUNPATH_SEARCH_PATHS = "$(inherited) @executable_path/Frameworks @loader_path/Frameworks";
				PRODUCT_BUNDLE_IDENTIFIER = "com.rockhoppertech.$(PRODUCT_NAME:rfc1034identifier)";
				PRODUCT_NAME = SynthInC;
				SWIFT_SWIFT3_OBJC_INFERENCE = Off;
				SWIFT_VERSION = 4.2;
				TEST_HOST = "$(BUILT_PRODUCTS_DIR)/SynthInC.app/SynthInC";
			};
			name = Release;
		};
		BDDD0AF020F8BF2400AFB002 /* Debug */ = {
			isa = XCBuildConfiguration;
			buildSettings = {
				CLANG_ANALYZER_NONNULL = YES;
				CLANG_ANALYZER_NUMBER_OBJECT_CONVERSION = YES_AGGRESSIVE;
				CLANG_CXX_LANGUAGE_STANDARD = "gnu++14";
				CLANG_ENABLE_OBJC_WEAK = YES;
				CLANG_WARN_DOCUMENTATION_COMMENTS = YES;
				CLANG_WARN_UNGUARDED_AVAILABILITY = YES_AGGRESSIVE;
				CODE_SIGN_IDENTITY = "";
				"CODE_SIGN_IDENTITY[sdk=iphoneos*]" = "iPhone Developer";
				CODE_SIGN_STYLE = Automatic;
				CURRENT_PROJECT_VERSION = 1;
				DEBUG_INFORMATION_FORMAT = dwarf;
				DEFINES_MODULE = YES;
				DEVELOPMENT_TEAM = Z7R62JH5A8;
				DYLIB_COMPATIBILITY_VERSION = 1;
				DYLIB_CURRENT_VERSION = 1;
				DYLIB_INSTALL_NAME_BASE = "@rpath";
				GCC_C_LANGUAGE_STANDARD = gnu11;
				INFOPLIST_FILE = SwiftMIDI/Info.plist;
				INSTALL_PATH = "$(LOCAL_LIBRARY_DIR)/Frameworks";
				IPHONEOS_DEPLOYMENT_TARGET = 11.4;
				LD_RUNPATH_SEARCH_PATHS = "$(inherited) @executable_path/Frameworks @loader_path/Frameworks";
				PRODUCT_BUNDLE_IDENTIFIER = com.braysoft.SwiftMIDI;
				PRODUCT_NAME = "$(TARGET_NAME:c99extidentifier)";
				SKIP_INSTALL = YES;
				SWIFT_ACTIVE_COMPILATION_CONDITIONS = DEBUG;
				SWIFT_VERSION = 4.2;
				TARGETED_DEVICE_FAMILY = "1,2";
				VERSIONING_SYSTEM = "apple-generic";
				VERSION_INFO_PREFIX = "";
			};
			name = Debug;
		};
		BDDD0AF120F8BF2400AFB002 /* Release */ = {
			isa = XCBuildConfiguration;
			buildSettings = {
				CLANG_ANALYZER_NONNULL = YES;
				CLANG_ANALYZER_NUMBER_OBJECT_CONVERSION = YES_AGGRESSIVE;
				CLANG_CXX_LANGUAGE_STANDARD = "gnu++14";
				CLANG_ENABLE_OBJC_WEAK = YES;
				CLANG_WARN_DOCUMENTATION_COMMENTS = YES;
				CLANG_WARN_UNGUARDED_AVAILABILITY = YES_AGGRESSIVE;
				CODE_SIGN_IDENTITY = "";
				"CODE_SIGN_IDENTITY[sdk=iphoneos*]" = "iPhone Developer";
				CODE_SIGN_STYLE = Automatic;
				COPY_PHASE_STRIP = NO;
				CURRENT_PROJECT_VERSION = 1;
				DEBUG_INFORMATION_FORMAT = "dwarf-with-dsym";
				DEFINES_MODULE = YES;
				DEVELOPMENT_TEAM = Z7R62JH5A8;
				DYLIB_COMPATIBILITY_VERSION = 1;
				DYLIB_CURRENT_VERSION = 1;
				DYLIB_INSTALL_NAME_BASE = "@rpath";
				GCC_C_LANGUAGE_STANDARD = gnu11;
				INFOPLIST_FILE = SwiftMIDI/Info.plist;
				INSTALL_PATH = "$(LOCAL_LIBRARY_DIR)/Frameworks";
				IPHONEOS_DEPLOYMENT_TARGET = 11.4;
				LD_RUNPATH_SEARCH_PATHS = "$(inherited) @executable_path/Frameworks @loader_path/Frameworks";
				PRODUCT_BUNDLE_IDENTIFIER = com.braysoft.SwiftMIDI;
				PRODUCT_NAME = "$(TARGET_NAME:c99extidentifier)";
				SKIP_INSTALL = YES;
				SWIFT_VERSION = 4.2;
				TARGETED_DEVICE_FAMILY = "1,2";
				VERSIONING_SYSTEM = "apple-generic";
				VERSION_INFO_PREFIX = "";
			};
			name = Release;
		};
		BDDD0AF420F8BF2400AFB002 /* Debug */ = {
			isa = XCBuildConfiguration;
			buildSettings = {
				ALWAYS_EMBED_SWIFT_STANDARD_LIBRARIES = YES;
				CLANG_ANALYZER_NONNULL = YES;
				CLANG_ANALYZER_NUMBER_OBJECT_CONVERSION = YES_AGGRESSIVE;
				CLANG_CXX_LANGUAGE_STANDARD = "gnu++14";
				CLANG_ENABLE_OBJC_WEAK = YES;
				CLANG_WARN_DOCUMENTATION_COMMENTS = YES;
				CLANG_WARN_UNGUARDED_AVAILABILITY = YES_AGGRESSIVE;
				CODE_SIGN_IDENTITY = "iPhone Developer";
				CODE_SIGN_STYLE = Automatic;
				DEBUG_INFORMATION_FORMAT = dwarf;
				DEVELOPMENT_TEAM = Z7R62JH5A8;
				GCC_C_LANGUAGE_STANDARD = gnu11;
				INFOPLIST_FILE = SwiftMIDITests/Info.plist;
				IPHONEOS_DEPLOYMENT_TARGET = 11.4;
				LD_RUNPATH_SEARCH_PATHS = "$(inherited) @executable_path/Frameworks @loader_path/Frameworks";
				PRODUCT_BUNDLE_IDENTIFIER = com.braysoft.SwiftMIDITests;
				PRODUCT_NAME = "$(TARGET_NAME)";
				SWIFT_ACTIVE_COMPILATION_CONDITIONS = DEBUG;
				SWIFT_VERSION = 4.2;
				TARGETED_DEVICE_FAMILY = "1,2";
				TEST_HOST = "$(BUILT_PRODUCTS_DIR)/SynthInC.app/SynthInC";
			};
			name = Debug;
		};
		BDDD0AF520F8BF2400AFB002 /* Release */ = {
			isa = XCBuildConfiguration;
			buildSettings = {
				ALWAYS_EMBED_SWIFT_STANDARD_LIBRARIES = YES;
				CLANG_ANALYZER_NONNULL = YES;
				CLANG_ANALYZER_NUMBER_OBJECT_CONVERSION = YES_AGGRESSIVE;
				CLANG_CXX_LANGUAGE_STANDARD = "gnu++14";
				CLANG_ENABLE_OBJC_WEAK = YES;
				CLANG_WARN_DOCUMENTATION_COMMENTS = YES;
				CLANG_WARN_UNGUARDED_AVAILABILITY = YES_AGGRESSIVE;
				CODE_SIGN_IDENTITY = "iPhone Developer";
				CODE_SIGN_STYLE = Automatic;
				COPY_PHASE_STRIP = NO;
				DEBUG_INFORMATION_FORMAT = "dwarf-with-dsym";
				DEVELOPMENT_TEAM = Z7R62JH5A8;
				GCC_C_LANGUAGE_STANDARD = gnu11;
				INFOPLIST_FILE = SwiftMIDITests/Info.plist;
				IPHONEOS_DEPLOYMENT_TARGET = 11.4;
				LD_RUNPATH_SEARCH_PATHS = "$(inherited) @executable_path/Frameworks @loader_path/Frameworks";
				PRODUCT_BUNDLE_IDENTIFIER = com.braysoft.SwiftMIDITests;
				PRODUCT_NAME = "$(TARGET_NAME)";
				SWIFT_VERSION = 4.2;
				TARGETED_DEVICE_FAMILY = "1,2";
				TEST_HOST = "$(BUILT_PRODUCTS_DIR)/SynthInC.app/SynthInC";
			};
			name = Release;
		};
/* End XCBuildConfiguration section */

/* Begin XCConfigurationList section */
		B06746D119BF58F700DCF4E3 /* Build configuration list for PBXProject "SynthInC" */ = {
			isa = XCConfigurationList;
			buildConfigurations = (
				B06746F019BF58F700DCF4E3 /* Debug */,
				B06746F119BF58F700DCF4E3 /* Release */,
			);
			defaultConfigurationIsVisible = 0;
			defaultConfigurationName = Release;
		};
		B06746F219BF58F700DCF4E3 /* Build configuration list for PBXNativeTarget "SynthInC" */ = {
			isa = XCConfigurationList;
			buildConfigurations = (
				B06746F319BF58F700DCF4E3 /* Debug */,
				B06746F419BF58F700DCF4E3 /* Release */,
			);
			defaultConfigurationIsVisible = 0;
			defaultConfigurationName = Release;
		};
		B06746F519BF58F700DCF4E3 /* Build configuration list for PBXNativeTarget "SynthInCTests" */ = {
			isa = XCConfigurationList;
			buildConfigurations = (
				B06746F619BF58F700DCF4E3 /* Debug */,
				B06746F719BF58F700DCF4E3 /* Release */,
			);
			defaultConfigurationIsVisible = 0;
			defaultConfigurationName = Release;
		};
		BDDD0AEF20F8BF2400AFB002 /* Build configuration list for PBXNativeTarget "SwiftMIDI" */ = {
			isa = XCConfigurationList;
			buildConfigurations = (
				BDDD0AF020F8BF2400AFB002 /* Debug */,
				BDDD0AF120F8BF2400AFB002 /* Release */,
			);
			defaultConfigurationIsVisible = 0;
			defaultConfigurationName = Release;
		};
		BDDD0AF320F8BF2400AFB002 /* Build configuration list for PBXNativeTarget "SwiftMIDITests" */ = {
			isa = XCConfigurationList;
			buildConfigurations = (
				BDDD0AF420F8BF2400AFB002 /* Debug */,
				BDDD0AF520F8BF2400AFB002 /* Release */,
			);
			defaultConfigurationIsVisible = 0;
			defaultConfigurationName = Release;
		};
/* End XCConfigurationList section */
	};
	rootObject = B06746CE19BF58F700DCF4E3 /* Project object */;
}
